// !$*UTF8*$!
{
	archiveVersion = 1;
	classes = {
	};
	objectVersion = 50;
	objects = {

/* Begin PBXBuildFile section */
		CE1669F12358854C00B7E2F2 /* RotatedBadgeSymbol.swift in Sources */ = {isa = PBXBuildFile; fileRef = CE1669F02358854C00B7E2F2 /* RotatedBadgeSymbol.swift */; };
		CE2A7F7D23605B6700F5AC64 /* ProfileSummary.swift in Sources */ = {isa = PBXBuildFile; fileRef = CE2A7F7C23605B6700F5AC64 /* ProfileSummary.swift */; };
		CE2A7F7F23605D8100F5AC64 /* FixerFlipperBadge.swift in Sources */ = {isa = PBXBuildFile; fileRef = CE2A7F7E23605D8100F5AC64 /* FixerFlipperBadge.swift */; };
		CE2A7F81236062DF00F5AC64 /* ProfileEditor.swift in Sources */ = {isa = PBXBuildFile; fileRef = CE2A7F80236062DF00F5AC64 /* ProfileEditor.swift */; };
		CE2A7F8623606EEA00F5AC64 /* PageViewController.swift in Sources */ = {isa = PBXBuildFile; fileRef = CE2A7F8523606EEA00F5AC64 /* PageViewController.swift */; };
		CE2A7F882360706100F5AC64 /* PageView.swift in Sources */ = {isa = PBXBuildFile; fileRef = CE2A7F872360706100F5AC64 /* PageView.swift */; };
		CE2A7F8A2360716000F5AC64 /* FeatureCard.swift in Sources */ = {isa = PBXBuildFile; fileRef = CE2A7F892360716000F5AC64 /* FeatureCard.swift */; };
		CE2A7F922360CC9700F5AC64 /* PageControl.swift in Sources */ = {isa = PBXBuildFile; fileRef = CE2A7F912360CC9700F5AC64 /* PageControl.swift */; };
		CE2A7F94236220B800F5AC64 /* fixerUpperData.json in Resources */ = {isa = PBXBuildFile; fileRef = CE2A7F93236220B800F5AC64 /* fixerUpperData.json */; };
		CE2A7FD323623AD100F5AC64 /* frontporchflipper.jpg in Resources */ = {isa = PBXBuildFile; fileRef = CE2A7FC723623AD100F5AC64 /* frontporchflipper.jpg */; };
		CE2A7FD423623AD100F5AC64 /* colonialcabin.jpg in Resources */ = {isa = PBXBuildFile; fileRef = CE2A7FC823623AD100F5AC64 /* colonialcabin.jpg */; };
		CE2A7FD523623AD100F5AC64 /* woodlandwonder.jpg in Resources */ = {isa = PBXBuildFile; fileRef = CE2A7FC923623AD100F5AC64 /* woodlandwonder.jpg */; };
		CE2A7FD623623AD100F5AC64 /* suburbansetup.jpg in Resources */ = {isa = PBXBuildFile; fileRef = CE2A7FCA23623AD100F5AC64 /* suburbansetup.jpg */; };
		CE2A7FD723623AD100F5AC64 /* palebluebargain.jpg in Resources */ = {isa = PBXBuildFile; fileRef = CE2A7FCB23623AD100F5AC64 /* palebluebargain.jpg */; };
		CE2A7FD823623AD100F5AC64 /* twostorytreat.jpg in Resources */ = {isa = PBXBuildFile; fileRef = CE2A7FCC23623AD100F5AC64 /* twostorytreat.jpg */; };
		CE2A7FD923623AD200F5AC64 /* cutratecottage.jpg in Resources */ = {isa = PBXBuildFile; fileRef = CE2A7FCD23623AD100F5AC64 /* cutratecottage.jpg */; };
		CE2A7FDA23623AD200F5AC64 /* countrycatchpenny.jpg in Resources */ = {isa = PBXBuildFile; fileRef = CE2A7FCE23623AD100F5AC64 /* countrycatchpenny.jpg */; };
		CE2A7FDB23623AD200F5AC64 /* shaggyshed.jpg in Resources */ = {isa = PBXBuildFile; fileRef = CE2A7FCF23623AD100F5AC64 /* shaggyshed.jpg */; };
		CE2A7FDC23623AD200F5AC64 /* beachsidebungalow.jpg in Resources */ = {isa = PBXBuildFile; fileRef = CE2A7FD023623AD100F5AC64 /* beachsidebungalow.jpg */; };
		CE2A7FDD23623AD200F5AC64 /* cheapchalet.jpg in Resources */ = {isa = PBXBuildFile; fileRef = CE2A7FD123623AD100F5AC64 /* cheapchalet.jpg */; };
		CE2A7FDE23623AD200F5AC64 /* stiltedsteal.jpg in Resources */ = {isa = PBXBuildFile; fileRef = CE2A7FD223623AD100F5AC64 /* stiltedsteal.jpg */; };
		CE2A7FF52362442900F5AC64 /* woodlandwonder_feature.jpg in Resources */ = {isa = PBXBuildFile; fileRef = CE2A7FF12362442800F5AC64 /* woodlandwonder_feature.jpg */; };
		CE2A7FF62362442900F5AC64 /* frontporchflipper_feature.jpg in Resources */ = {isa = PBXBuildFile; fileRef = CE2A7FF22362442800F5AC64 /* frontporchflipper_feature.jpg */; };
		CE2A7FF72362442900F5AC64 /* beachsidebungalow_feature.jpg in Resources */ = {isa = PBXBuildFile; fileRef = CE2A7FF32362442900F5AC64 /* beachsidebungalow_feature.jpg */; };
		CE2A7FF82362442900F5AC64 /* countrycatchpenny_feature.jpg in Resources */ = {isa = PBXBuildFile; fileRef = CE2A7FF42362442900F5AC64 /* countrycatchpenny_feature.jpg */; };
		CE31F71623639C55007C4FFB /* placeholder.jpg in Resources */ = {isa = PBXBuildFile; fileRef = CE31F71523639C55007C4FFB /* placeholder.jpg */; };
		CE31F71823639E7B007C4FFB /* placeholder_feature.jpg in Resources */ = {isa = PBXBuildFile; fileRef = CE31F71723639E7B007C4FFB /* placeholder_feature.jpg */; };
		CE4FDF402375BE5B006FB3E8 /* LICENSE.txt in Resources */ = {isa = PBXBuildFile; fileRef = CE4FDF3F2375BE5B006FB3E8 /* LICENSE.txt */; };
		CE7FE1B2234CA62B00033390 /* AppDelegate.swift in Sources */ = {isa = PBXBuildFile; fileRef = CE7FE1B1234CA62B00033390 /* AppDelegate.swift */; };
		CE7FE1B4234CA62B00033390 /* SceneDelegate.swift in Sources */ = {isa = PBXBuildFile; fileRef = CE7FE1B3234CA62B00033390 /* SceneDelegate.swift */; };
		CE7FE1B8234CA62D00033390 /* Assets.xcassets in Resources */ = {isa = PBXBuildFile; fileRef = CE7FE1B7234CA62D00033390 /* Assets.xcassets */; };
		CE7FE1BB234CA62D00033390 /* Preview Assets.xcassets in Resources */ = {isa = PBXBuildFile; fileRef = CE7FE1BA234CA62D00033390 /* Preview Assets.xcassets */; };
		CE7FE1BE234CA62D00033390 /* LaunchScreen.storyboard in Resources */ = {isa = PBXBuildFile; fileRef = CE7FE1BC234CA62D00033390 /* LaunchScreen.storyboard */; };
		CE7FE1C9234CA62D00033390 /* iOSDebugFundamentalsTests.swift in Sources */ = {isa = PBXBuildFile; fileRef = CE7FE1C8234CA62D00033390 /* iOSDebugFundamentalsTests.swift */; };
		CE7FE1D4234CA62D00033390 /* iOSDebugFundamentalsUITests.swift in Sources */ = {isa = PBXBuildFile; fileRef = CE7FE1D3234CA62D00033390 /* iOSDebugFundamentalsUITests.swift */; };
		CE7FE1E2234CA92400033390 /* CircleImage.swift in Sources */ = {isa = PBXBuildFile; fileRef = CE7FE1E1234CA92400033390 /* CircleImage.swift */; };
		CE7FE1E4234D000C00033390 /* MapView.swift in Sources */ = {isa = PBXBuildFile; fileRef = CE7FE1E3234D000C00033390 /* MapView.swift */; };
		CE81991523509B47009AF3AF /* FixerUpperData.swift in Sources */ = {isa = PBXBuildFile; fileRef = CE81991423509B47009AF3AF /* FixerUpperData.swift */; };
		CE81991723509B7E009AF3AF /* FixerUpper.swift in Sources */ = {isa = PBXBuildFile; fileRef = CE81991623509B7E009AF3AF /* FixerUpper.swift */; };
		CE81993523509D98009AF3AF /* FixerUpperRow.swift in Sources */ = {isa = PBXBuildFile; fileRef = CE81993423509D98009AF3AF /* FixerUpperRow.swift */; };
		CE8199372350F2D9009AF3AF /* FixerUpperList.swift in Sources */ = {isa = PBXBuildFile; fileRef = CE8199362350F2D9009AF3AF /* FixerUpperList.swift */; };
		CE8199392350F541009AF3AF /* FixerUpperDetail.swift in Sources */ = {isa = PBXBuildFile; fileRef = CE8199382350F541009AF3AF /* FixerUpperDetail.swift */; };
		CE983458235F19D900E1011F /* Home.swift in Sources */ = {isa = PBXBuildFile; fileRef = CE983457235F19D900E1011F /* Home.swift */; };
		CE98345A235F1BA100E1011F /* CategoryRow.swift in Sources */ = {isa = PBXBuildFile; fileRef = CE983459235F1BA100E1011F /* CategoryRow.swift */; };
		CEB7F1D92354874E002F517A /* UserData.swift in Sources */ = {isa = PBXBuildFile; fileRef = CEB7F1D82354874E002F517A /* UserData.swift */; };
		CEB7F21A23587844002F517A /* Badge.swift in Sources */ = {isa = PBXBuildFile; fileRef = CEB7F21923587844002F517A /* Badge.swift */; };
		CEBEB10C23587F160088E43D /* BadgeBackground.swift in Sources */ = {isa = PBXBuildFile; fileRef = CEBEB10B23587F160088E43D /* BadgeBackground.swift */; };
		CEBEB10E235880010088E43D /* BadgeSymbol.swift in Sources */ = {isa = PBXBuildFile; fileRef = CEBEB10D235880010088E43D /* BadgeSymbol.swift */; };
		CED0788C235F7B18007865E5 /* ProfileHost.swift in Sources */ = {isa = PBXBuildFile; fileRef = CED0788B235F7B18007865E5 /* ProfileHost.swift */; };
		CED0788E235F7B79007865E5 /* UserProfile.swift in Sources */ = {isa = PBXBuildFile; fileRef = CED0788D235F7B79007865E5 /* UserProfile.swift */; };
/* End PBXBuildFile section */

/* Begin PBXContainerItemProxy section */
		CE7FE1C5234CA62D00033390 /* PBXContainerItemProxy */ = {
			isa = PBXContainerItemProxy;
			containerPortal = CE7FE1A6234CA62B00033390 /* Project object */;
			proxyType = 1;
			remoteGlobalIDString = CE7FE1AD234CA62B00033390;
			remoteInfo = iOSDebugFundamentals;
		};
		CE7FE1D0234CA62D00033390 /* PBXContainerItemProxy */ = {
			isa = PBXContainerItemProxy;
			containerPortal = CE7FE1A6234CA62B00033390 /* Project object */;
			proxyType = 1;
			remoteGlobalIDString = CE7FE1AD234CA62B00033390;
			remoteInfo = iOSDebugFundamentals;
		};
/* End PBXContainerItemProxy section */

/* Begin PBXFileReference section */
		CE1669F02358854C00B7E2F2 /* RotatedBadgeSymbol.swift */ = {isa = PBXFileReference; lastKnownFileType = sourcecode.swift; path = RotatedBadgeSymbol.swift; sourceTree = "<group>"; };
		CE2A7F7C23605B6700F5AC64 /* ProfileSummary.swift */ = {isa = PBXFileReference; lastKnownFileType = sourcecode.swift; path = ProfileSummary.swift; sourceTree = "<group>"; };
		CE2A7F7E23605D8100F5AC64 /* FixerFlipperBadge.swift */ = {isa = PBXFileReference; lastKnownFileType = sourcecode.swift; path = FixerFlipperBadge.swift; sourceTree = "<group>"; };
		CE2A7F80236062DF00F5AC64 /* ProfileEditor.swift */ = {isa = PBXFileReference; lastKnownFileType = sourcecode.swift; path = ProfileEditor.swift; sourceTree = "<group>"; };
		CE2A7F8523606EEA00F5AC64 /* PageViewController.swift */ = {isa = PBXFileReference; lastKnownFileType = sourcecode.swift; path = PageViewController.swift; sourceTree = "<group>"; };
		CE2A7F872360706100F5AC64 /* PageView.swift */ = {isa = PBXFileReference; lastKnownFileType = sourcecode.swift; path = PageView.swift; sourceTree = "<group>"; };
		CE2A7F892360716000F5AC64 /* FeatureCard.swift */ = {isa = PBXFileReference; lastKnownFileType = sourcecode.swift; path = FeatureCard.swift; sourceTree = "<group>"; };
		CE2A7F912360CC9700F5AC64 /* PageControl.swift */ = {isa = PBXFileReference; lastKnownFileType = sourcecode.swift; path = PageControl.swift; sourceTree = "<group>"; };
		CE2A7F93236220B800F5AC64 /* fixerUpperData.json */ = {isa = PBXFileReference; fileEncoding = 4; lastKnownFileType = text.json; path = fixerUpperData.json; sourceTree = "<group>"; };
		CE2A7FC723623AD100F5AC64 /* frontporchflipper.jpg */ = {isa = PBXFileReference; lastKnownFileType = image.jpeg; path = frontporchflipper.jpg; sourceTree = "<group>"; };
		CE2A7FC823623AD100F5AC64 /* colonialcabin.jpg */ = {isa = PBXFileReference; lastKnownFileType = image.jpeg; path = colonialcabin.jpg; sourceTree = "<group>"; };
		CE2A7FC923623AD100F5AC64 /* woodlandwonder.jpg */ = {isa = PBXFileReference; lastKnownFileType = image.jpeg; path = woodlandwonder.jpg; sourceTree = "<group>"; };
		CE2A7FCA23623AD100F5AC64 /* suburbansetup.jpg */ = {isa = PBXFileReference; lastKnownFileType = image.jpeg; path = suburbansetup.jpg; sourceTree = "<group>"; };
		CE2A7FCB23623AD100F5AC64 /* palebluebargain.jpg */ = {isa = PBXFileReference; lastKnownFileType = image.jpeg; path = palebluebargain.jpg; sourceTree = "<group>"; };
		CE2A7FCC23623AD100F5AC64 /* twostorytreat.jpg */ = {isa = PBXFileReference; lastKnownFileType = image.jpeg; path = twostorytreat.jpg; sourceTree = "<group>"; };
		CE2A7FCD23623AD100F5AC64 /* cutratecottage.jpg */ = {isa = PBXFileReference; lastKnownFileType = image.jpeg; path = cutratecottage.jpg; sourceTree = "<group>"; };
		CE2A7FCE23623AD100F5AC64 /* countrycatchpenny.jpg */ = {isa = PBXFileReference; lastKnownFileType = image.jpeg; path = countrycatchpenny.jpg; sourceTree = "<group>"; };
		CE2A7FCF23623AD100F5AC64 /* shaggyshed.jpg */ = {isa = PBXFileReference; lastKnownFileType = image.jpeg; path = shaggyshed.jpg; sourceTree = "<group>"; };
		CE2A7FD023623AD100F5AC64 /* beachsidebungalow.jpg */ = {isa = PBXFileReference; lastKnownFileType = image.jpeg; path = beachsidebungalow.jpg; sourceTree = "<group>"; };
		CE2A7FD123623AD100F5AC64 /* cheapchalet.jpg */ = {isa = PBXFileReference; lastKnownFileType = image.jpeg; path = cheapchalet.jpg; sourceTree = "<group>"; };
		CE2A7FD223623AD100F5AC64 /* stiltedsteal.jpg */ = {isa = PBXFileReference; lastKnownFileType = image.jpeg; path = stiltedsteal.jpg; sourceTree = "<group>"; };
		CE2A7FF12362442800F5AC64 /* woodlandwonder_feature.jpg */ = {isa = PBXFileReference; lastKnownFileType = image.jpeg; path = woodlandwonder_feature.jpg; sourceTree = "<group>"; };
		CE2A7FF22362442800F5AC64 /* frontporchflipper_feature.jpg */ = {isa = PBXFileReference; lastKnownFileType = image.jpeg; path = frontporchflipper_feature.jpg; sourceTree = "<group>"; };
		CE2A7FF32362442900F5AC64 /* beachsidebungalow_feature.jpg */ = {isa = PBXFileReference; lastKnownFileType = image.jpeg; path = beachsidebungalow_feature.jpg; sourceTree = "<group>"; };
		CE2A7FF42362442900F5AC64 /* countrycatchpenny_feature.jpg */ = {isa = PBXFileReference; lastKnownFileType = image.jpeg; path = countrycatchpenny_feature.jpg; sourceTree = "<group>"; };
		CE31F71523639C55007C4FFB /* placeholder.jpg */ = {isa = PBXFileReference; lastKnownFileType = image.jpeg; path = placeholder.jpg; sourceTree = "<group>"; };
		CE31F71723639E7B007C4FFB /* placeholder_feature.jpg */ = {isa = PBXFileReference; lastKnownFileType = image.jpeg; path = placeholder_feature.jpg; sourceTree = "<group>"; };
		CE4FDF3F2375BE5B006FB3E8 /* LICENSE.txt */ = {isa = PBXFileReference; fileEncoding = 4; lastKnownFileType = text; path = LICENSE.txt; sourceTree = "<group>"; };
		CE7FE1AE234CA62B00033390 /* iOSDebugFundamentals.app */ = {isa = PBXFileReference; explicitFileType = wrapper.application; includeInIndex = 0; path = iOSDebugFundamentals.app; sourceTree = BUILT_PRODUCTS_DIR; };
		CE7FE1B1234CA62B00033390 /* AppDelegate.swift */ = {isa = PBXFileReference; lastKnownFileType = sourcecode.swift; path = AppDelegate.swift; sourceTree = "<group>"; };
		CE7FE1B3234CA62B00033390 /* SceneDelegate.swift */ = {isa = PBXFileReference; lastKnownFileType = sourcecode.swift; path = SceneDelegate.swift; sourceTree = "<group>"; };
		CE7FE1B7234CA62D00033390 /* Assets.xcassets */ = {isa = PBXFileReference; lastKnownFileType = folder.assetcatalog; path = Assets.xcassets; sourceTree = "<group>"; };
		CE7FE1BA234CA62D00033390 /* Preview Assets.xcassets */ = {isa = PBXFileReference; lastKnownFileType = folder.assetcatalog; path = "Preview Assets.xcassets"; sourceTree = "<group>"; };
		CE7FE1BD234CA62D00033390 /* Base */ = {isa = PBXFileReference; lastKnownFileType = file.storyboard; name = Base; path = Base.lproj/LaunchScreen.storyboard; sourceTree = "<group>"; };
		CE7FE1BF234CA62D00033390 /* Info.plist */ = {isa = PBXFileReference; lastKnownFileType = text.plist.xml; path = Info.plist; sourceTree = "<group>"; };
		CE7FE1C4234CA62D00033390 /* iOSDebugFundamentalsTests.xctest */ = {isa = PBXFileReference; explicitFileType = wrapper.cfbundle; includeInIndex = 0; path = iOSDebugFundamentalsTests.xctest; sourceTree = BUILT_PRODUCTS_DIR; };
		CE7FE1C8234CA62D00033390 /* iOSDebugFundamentalsTests.swift */ = {isa = PBXFileReference; lastKnownFileType = sourcecode.swift; path = iOSDebugFundamentalsTests.swift; sourceTree = "<group>"; };
		CE7FE1CA234CA62D00033390 /* Info.plist */ = {isa = PBXFileReference; lastKnownFileType = text.plist.xml; path = Info.plist; sourceTree = "<group>"; };
		CE7FE1CF234CA62D00033390 /* iOSDebugFundamentalsUITests.xctest */ = {isa = PBXFileReference; explicitFileType = wrapper.cfbundle; includeInIndex = 0; path = iOSDebugFundamentalsUITests.xctest; sourceTree = BUILT_PRODUCTS_DIR; };
		CE7FE1D3234CA62D00033390 /* iOSDebugFundamentalsUITests.swift */ = {isa = PBXFileReference; lastKnownFileType = sourcecode.swift; path = iOSDebugFundamentalsUITests.swift; sourceTree = "<group>"; };
		CE7FE1D5234CA62D00033390 /* Info.plist */ = {isa = PBXFileReference; lastKnownFileType = text.plist.xml; path = Info.plist; sourceTree = "<group>"; };
		CE7FE1E1234CA92400033390 /* CircleImage.swift */ = {isa = PBXFileReference; lastKnownFileType = sourcecode.swift; path = CircleImage.swift; sourceTree = "<group>"; };
		CE7FE1E3234D000C00033390 /* MapView.swift */ = {isa = PBXFileReference; lastKnownFileType = sourcecode.swift; path = MapView.swift; sourceTree = "<group>"; };
		CE81991423509B47009AF3AF /* FixerUpperData.swift */ = {isa = PBXFileReference; lastKnownFileType = sourcecode.swift; path = FixerUpperData.swift; sourceTree = "<group>"; };
		CE81991623509B7E009AF3AF /* FixerUpper.swift */ = {isa = PBXFileReference; lastKnownFileType = sourcecode.swift; path = FixerUpper.swift; sourceTree = "<group>"; };
		CE81993423509D98009AF3AF /* FixerUpperRow.swift */ = {isa = PBXFileReference; lastKnownFileType = sourcecode.swift; path = FixerUpperRow.swift; sourceTree = "<group>"; };
		CE8199362350F2D9009AF3AF /* FixerUpperList.swift */ = {isa = PBXFileReference; lastKnownFileType = sourcecode.swift; path = FixerUpperList.swift; sourceTree = "<group>"; };
		CE8199382350F541009AF3AF /* FixerUpperDetail.swift */ = {isa = PBXFileReference; fileEncoding = 4; lastKnownFileType = sourcecode.swift; path = FixerUpperDetail.swift; sourceTree = "<group>"; };
		CE983457235F19D900E1011F /* Home.swift */ = {isa = PBXFileReference; lastKnownFileType = sourcecode.swift; path = Home.swift; sourceTree = "<group>"; };
		CE983459235F1BA100E1011F /* CategoryRow.swift */ = {isa = PBXFileReference; lastKnownFileType = sourcecode.swift; path = CategoryRow.swift; sourceTree = "<group>"; };
		CEB7F1D82354874E002F517A /* UserData.swift */ = {isa = PBXFileReference; lastKnownFileType = sourcecode.swift; path = UserData.swift; sourceTree = "<group>"; };
		CEB7F21923587844002F517A /* Badge.swift */ = {isa = PBXFileReference; lastKnownFileType = sourcecode.swift; path = Badge.swift; sourceTree = "<group>"; };
		CEBEB10B23587F160088E43D /* BadgeBackground.swift */ = {isa = PBXFileReference; lastKnownFileType = sourcecode.swift; path = BadgeBackground.swift; sourceTree = "<group>"; };
		CEBEB10D235880010088E43D /* BadgeSymbol.swift */ = {isa = PBXFileReference; lastKnownFileType = sourcecode.swift; path = BadgeSymbol.swift; sourceTree = "<group>"; };
		CED0788B235F7B18007865E5 /* ProfileHost.swift */ = {isa = PBXFileReference; lastKnownFileType = sourcecode.swift; path = ProfileHost.swift; sourceTree = "<group>"; };
		CED0788D235F7B79007865E5 /* UserProfile.swift */ = {isa = PBXFileReference; lastKnownFileType = sourcecode.swift; path = UserProfile.swift; sourceTree = "<group>"; };
/* End PBXFileReference section */

/* Begin PBXFrameworksBuildPhase section */
		CE7FE1AB234CA62B00033390 /* Frameworks */ = {
			isa = PBXFrameworksBuildPhase;
			buildActionMask = 2147483647;
			files = (
			);
			runOnlyForDeploymentPostprocessing = 0;
		};
		CE7FE1C1234CA62D00033390 /* Frameworks */ = {
			isa = PBXFrameworksBuildPhase;
			buildActionMask = 2147483647;
			files = (
			);
			runOnlyForDeploymentPostprocessing = 0;
		};
		CE7FE1CC234CA62D00033390 /* Frameworks */ = {
			isa = PBXFrameworksBuildPhase;
			buildActionMask = 2147483647;
			files = (
			);
			runOnlyForDeploymentPostprocessing = 0;
		};
/* End PBXFrameworksBuildPhase section */

/* Begin PBXGroup section */
		CE2A7F8223606D4100F5AC64 /* Home Views */ = {
			isa = PBXGroup;
			children = (
				CE983457235F19D900E1011F /* Home.swift */,
				CE983459235F1BA100E1011F /* CategoryRow.swift */,
				CE2A7F8523606EEA00F5AC64 /* PageViewController.swift */,
				CE2A7F872360706100F5AC64 /* PageView.swift */,
				CE2A7F912360CC9700F5AC64 /* PageControl.swift */,
			);
			path = "Home Views";
			sourceTree = "<group>";
		};
		CE2A7F8323606D8200F5AC64 /* Fixer Upper Views */ = {
			isa = PBXGroup;
			children = (
				CE8199362350F2D9009AF3AF /* FixerUpperList.swift */,
				CE81993423509D98009AF3AF /* FixerUpperRow.swift */,
				CE8199382350F541009AF3AF /* FixerUpperDetail.swift */,
			);
			path = "Fixer Upper Views";
			sourceTree = "<group>";
		};
		CE2A7F8423606E0900F5AC64 /* Badge Views */ = {
			isa = PBXGroup;
			children = (
				CE2A7F7E23605D8100F5AC64 /* FixerFlipperBadge.swift */,
				CEB7F21923587844002F517A /* Badge.swift */,
				CEBEB10D235880010088E43D /* BadgeSymbol.swift */,
				CE1669F02358854C00B7E2F2 /* RotatedBadgeSymbol.swift */,
				CEBEB10B23587F160088E43D /* BadgeBackground.swift */,
			);
			path = "Badge Views";
			sourceTree = "<group>";
		};
		CE2A7FFC23625F0E00F5AC64 /* Data */ = {
			isa = PBXGroup;
			children = (
				CE2A7F93236220B800F5AC64 /* fixerUpperData.json */,
			);
			path = Data;
			sourceTree = "<group>";
		};
		CE2A7FFD23625F1800F5AC64 /* Photos */ = {
			isa = PBXGroup;
			children = (
				CE31F71723639E7B007C4FFB /* placeholder_feature.jpg */,
				CE31F71523639C55007C4FFB /* placeholder.jpg */,
				CE2A7FF32362442900F5AC64 /* beachsidebungalow_feature.jpg */,
				CE2A7FF42362442900F5AC64 /* countrycatchpenny_feature.jpg */,
				CE2A7FF22362442800F5AC64 /* frontporchflipper_feature.jpg */,
				CE2A7FF12362442800F5AC64 /* woodlandwonder_feature.jpg */,
				CE2A7FD023623AD100F5AC64 /* beachsidebungalow.jpg */,
				CE2A7FD123623AD100F5AC64 /* cheapchalet.jpg */,
				CE2A7FC823623AD100F5AC64 /* colonialcabin.jpg */,
				CE2A7FCE23623AD100F5AC64 /* countrycatchpenny.jpg */,
				CE2A7FCD23623AD100F5AC64 /* cutratecottage.jpg */,
				CE2A7FC723623AD100F5AC64 /* frontporchflipper.jpg */,
				CE2A7FCB23623AD100F5AC64 /* palebluebargain.jpg */,
				CE2A7FCF23623AD100F5AC64 /* shaggyshed.jpg */,
				CE2A7FD223623AD100F5AC64 /* stiltedsteal.jpg */,
				CE2A7FCA23623AD100F5AC64 /* suburbansetup.jpg */,
				CE2A7FCC23623AD100F5AC64 /* twostorytreat.jpg */,
				CE2A7FC923623AD100F5AC64 /* woodlandwonder.jpg */,
			);
			path = Photos;
			sourceTree = "<group>";
		};
		CE4FDF3E2375BE5B006FB3E8 /* LICENSE */ = {
			isa = PBXGroup;
			children = (
				CE4FDF3F2375BE5B006FB3E8 /* LICENSE.txt */,
			);
			path = LICENSE;
			sourceTree = "<group>";
		};
		CE7FE1A5234CA62B00033390 = {
			isa = PBXGroup;
			children = (
				CE7FE1B0234CA62B00033390 /* iOSDebugFundamentals */,
				CE7FE1C7234CA62D00033390 /* iOSDebugFundamentalsTests */,
				CE7FE1D2234CA62D00033390 /* iOSDebugFundamentalsUITests */,
				CE7FE1AF234CA62B00033390 /* Products */,
				CE4FDF3E2375BE5B006FB3E8 /* LICENSE */,
			);
			sourceTree = "<group>";
		};
		CE7FE1AF234CA62B00033390 /* Products */ = {
			isa = PBXGroup;
			children = (
				CE7FE1AE234CA62B00033390 /* iOSDebugFundamentals.app */,
				CE7FE1C4234CA62D00033390 /* iOSDebugFundamentalsTests.xctest */,
				CE7FE1CF234CA62D00033390 /* iOSDebugFundamentalsUITests.xctest */,
			);
			name = Products;
			sourceTree = "<group>";
		};
		CE7FE1B0234CA62B00033390 /* iOSDebugFundamentals */ = {
			isa = PBXGroup;
			children = (
				CE7FE1B1234CA62B00033390 /* AppDelegate.swift */,
				CE7FE1B3234CA62B00033390 /* SceneDelegate.swift */,
				CE81991323509B39009AF3AF /* Models */,
				CE2A7F8323606D8200F5AC64 /* Fixer Upper Views */,
				CED0788A235F7AFB007865E5 /* Profile Views */,
				CE2A7F8423606E0900F5AC64 /* Badge Views */,
				CE81991823509BA7009AF3AF /* Supporting Views */,
				CE81991923509C2E009AF3AF /* Resources */,
				CE7FE1B9234CA62D00033390 /* Preview Content */,
				CE7FE1B7234CA62D00033390 /* Assets.xcassets */,
				CE7FE1BC234CA62D00033390 /* LaunchScreen.storyboard */,
				CE7FE1BF234CA62D00033390 /* Info.plist */,
			);
			path = iOSDebugFundamentals;
			sourceTree = "<group>";
		};
		CE7FE1B9234CA62D00033390 /* Preview Content */ = {
			isa = PBXGroup;
			children = (
				CE7FE1BA234CA62D00033390 /* Preview Assets.xcassets */,
			);
			path = "Preview Content";
			sourceTree = "<group>";
		};
		CE7FE1C7234CA62D00033390 /* iOSDebugFundamentalsTests */ = {
			isa = PBXGroup;
			children = (
				CE7FE1C8234CA62D00033390 /* iOSDebugFundamentalsTests.swift */,
				CE7FE1CA234CA62D00033390 /* Info.plist */,
			);
			path = iOSDebugFundamentalsTests;
			sourceTree = "<group>";
		};
		CE7FE1D2234CA62D00033390 /* iOSDebugFundamentalsUITests */ = {
			isa = PBXGroup;
			children = (
				CE7FE1D3234CA62D00033390 /* iOSDebugFundamentalsUITests.swift */,
				CE7FE1D5234CA62D00033390 /* Info.plist */,
			);
			path = iOSDebugFundamentalsUITests;
			sourceTree = "<group>";
		};
		CE81991323509B39009AF3AF /* Models */ = {
			isa = PBXGroup;
			children = (
				CE2A7F8223606D4100F5AC64 /* Home Views */,
				CE81991423509B47009AF3AF /* FixerUpperData.swift */,
				CE81991623509B7E009AF3AF /* FixerUpper.swift */,
				CEB7F1D82354874E002F517A /* UserData.swift */,
				CED0788D235F7B79007865E5 /* UserProfile.swift */,
			);
			path = Models;
			sourceTree = "<group>";
		};
		CE81991823509BA7009AF3AF /* Supporting Views */ = {
			isa = PBXGroup;
			children = (
				CE7FE1E1234CA92400033390 /* CircleImage.swift */,
				CE7FE1E3234D000C00033390 /* MapView.swift */,
				CE2A7F892360716000F5AC64 /* FeatureCard.swift */,
			);
			path = "Supporting Views";
			sourceTree = "<group>";
		};
		CE81991923509C2E009AF3AF /* Resources */ = {
			isa = PBXGroup;
			children = (
				CE2A7FFC23625F0E00F5AC64 /* Data */,
				CE2A7FFD23625F1800F5AC64 /* Photos */,
			);
			path = Resources;
			sourceTree = "<group>";
		};
		CED0788A235F7AFB007865E5 /* Profile Views */ = {
			isa = PBXGroup;
			children = (
				CED0788B235F7B18007865E5 /* ProfileHost.swift */,
				CE2A7F7C23605B6700F5AC64 /* ProfileSummary.swift */,
				CE2A7F80236062DF00F5AC64 /* ProfileEditor.swift */,
			);
			path = "Profile Views";
			sourceTree = "<group>";
		};
/* End PBXGroup section */

/* Begin PBXNativeTarget section */
		CE7FE1AD234CA62B00033390 /* iOSDebugFundamentals */ = {
			isa = PBXNativeTarget;
			buildConfigurationList = CE7FE1D8234CA62D00033390 /* Build configuration list for PBXNativeTarget "iOSDebugFundamentals" */;
			buildPhases = (
				CE7FE1AA234CA62B00033390 /* Sources */,
				CE7FE1AB234CA62B00033390 /* Frameworks */,
				CE7FE1AC234CA62B00033390 /* Resources */,
			);
			buildRules = (
			);
			dependencies = (
			);
			name = iOSDebugFundamentals;
			productName = iOSDebugFundamentals;
			productReference = CE7FE1AE234CA62B00033390 /* iOSDebugFundamentals.app */;
			productType = "com.apple.product-type.application";
		};
		CE7FE1C3234CA62D00033390 /* iOSDebugFundamentalsTests */ = {
			isa = PBXNativeTarget;
			buildConfigurationList = CE7FE1DB234CA62D00033390 /* Build configuration list for PBXNativeTarget "iOSDebugFundamentalsTests" */;
			buildPhases = (
				CE7FE1C0234CA62D00033390 /* Sources */,
				CE7FE1C1234CA62D00033390 /* Frameworks */,
				CE7FE1C2234CA62D00033390 /* Resources */,
			);
			buildRules = (
			);
			dependencies = (
				CE7FE1C6234CA62D00033390 /* PBXTargetDependency */,
			);
			name = iOSDebugFundamentalsTests;
			productName = iOSDebugFundamentalsTests;
			productReference = CE7FE1C4234CA62D00033390 /* iOSDebugFundamentalsTests.xctest */;
			productType = "com.apple.product-type.bundle.unit-test";
		};
		CE7FE1CE234CA62D00033390 /* iOSDebugFundamentalsUITests */ = {
			isa = PBXNativeTarget;
			buildConfigurationList = CE7FE1DE234CA62D00033390 /* Build configuration list for PBXNativeTarget "iOSDebugFundamentalsUITests" */;
			buildPhases = (
				CE7FE1CB234CA62D00033390 /* Sources */,
				CE7FE1CC234CA62D00033390 /* Frameworks */,
				CE7FE1CD234CA62D00033390 /* Resources */,
			);
			buildRules = (
			);
			dependencies = (
				CE7FE1D1234CA62D00033390 /* PBXTargetDependency */,
			);
			name = iOSDebugFundamentalsUITests;
			productName = iOSDebugFundamentalsUITests;
			productReference = CE7FE1CF234CA62D00033390 /* iOSDebugFundamentalsUITests.xctest */;
			productType = "com.apple.product-type.bundle.ui-testing";
		};
/* End PBXNativeTarget section */

/* Begin PBXProject section */
		CE7FE1A6234CA62B00033390 /* Project object */ = {
			isa = PBXProject;
			attributes = {
				LastSwiftUpdateCheck = 1100;
				LastUpgradeCheck = 1100;
				ORGANIZATIONNAME = "Andrew Bancroft";
				TargetAttributes = {
					CE7FE1AD234CA62B00033390 = {
						CreatedOnToolsVersion = 11.0;
					};
					CE7FE1C3234CA62D00033390 = {
						CreatedOnToolsVersion = 11.0;
						TestTargetID = CE7FE1AD234CA62B00033390;
					};
					CE7FE1CE234CA62D00033390 = {
						CreatedOnToolsVersion = 11.0;
						TestTargetID = CE7FE1AD234CA62B00033390;
					};
				};
			};
			buildConfigurationList = CE7FE1A9234CA62B00033390 /* Build configuration list for PBXProject "iOSDebugFundamentals" */;
			compatibilityVersion = "Xcode 9.3";
			developmentRegion = en;
			hasScannedForEncodings = 0;
			knownRegions = (
				en,
				Base,
			);
			mainGroup = CE7FE1A5234CA62B00033390;
			productRefGroup = CE7FE1AF234CA62B00033390 /* Products */;
			projectDirPath = "";
			projectRoot = "";
			targets = (
				CE7FE1AD234CA62B00033390 /* iOSDebugFundamentals */,
				CE7FE1C3234CA62D00033390 /* iOSDebugFundamentalsTests */,
				CE7FE1CE234CA62D00033390 /* iOSDebugFundamentalsUITests */,
			);
		};
/* End PBXProject section */

/* Begin PBXResourcesBuildPhase section */
		CE7FE1AC234CA62B00033390 /* Resources */ = {
			isa = PBXResourcesBuildPhase;
			buildActionMask = 2147483647;
			files = (
				CE7FE1BE234CA62D00033390 /* LaunchScreen.storyboard in Resources */,
				CE2A7FD723623AD100F5AC64 /* palebluebargain.jpg in Resources */,
				CE2A7FD623623AD100F5AC64 /* suburbansetup.jpg in Resources */,
				CE2A7FD823623AD100F5AC64 /* twostorytreat.jpg in Resources */,
				CE31F71823639E7B007C4FFB /* placeholder_feature.jpg in Resources */,
				CE31F71623639C55007C4FFB /* placeholder.jpg in Resources */,
				CE2A7FF62362442900F5AC64 /* frontporchflipper_feature.jpg in Resources */,
				CE2A7FD423623AD100F5AC64 /* colonialcabin.jpg in Resources */,
				CE2A7FD323623AD100F5AC64 /* frontporchflipper.jpg in Resources */,
				CE2A7FDA23623AD200F5AC64 /* countrycatchpenny.jpg in Resources */,
				CE2A7FDB23623AD200F5AC64 /* shaggyshed.jpg in Resources */,
				CE2A7F94236220B800F5AC64 /* fixerUpperData.json in Resources */,
				CE2A7FF82362442900F5AC64 /* countrycatchpenny_feature.jpg in Resources */,
				CE7FE1BB234CA62D00033390 /* Preview Assets.xcassets in Resources */,
				CE2A7FDE23623AD200F5AC64 /* stiltedsteal.jpg in Resources */,
				CE2A7FDC23623AD200F5AC64 /* beachsidebungalow.jpg in Resources */,
				CE4FDF402375BE5B006FB3E8 /* LICENSE.txt in Resources */,
				CE2A7FF72362442900F5AC64 /* beachsidebungalow_feature.jpg in Resources */,
				CE2A7FD523623AD100F5AC64 /* woodlandwonder.jpg in Resources */,
				CE2A7FD923623AD200F5AC64 /* cutratecottage.jpg in Resources */,
				CE2A7FF52362442900F5AC64 /* woodlandwonder_feature.jpg in Resources */,
				CE7FE1B8234CA62D00033390 /* Assets.xcassets in Resources */,
				CE2A7FDD23623AD200F5AC64 /* cheapchalet.jpg in Resources */,
			);
			runOnlyForDeploymentPostprocessing = 0;
		};
		CE7FE1C2234CA62D00033390 /* Resources */ = {
			isa = PBXResourcesBuildPhase;
			buildActionMask = 2147483647;
			files = (
			);
			runOnlyForDeploymentPostprocessing = 0;
		};
		CE7FE1CD234CA62D00033390 /* Resources */ = {
			isa = PBXResourcesBuildPhase;
			buildActionMask = 2147483647;
			files = (
			);
			runOnlyForDeploymentPostprocessing = 0;
		};
/* End PBXResourcesBuildPhase section */

/* Begin PBXSourcesBuildPhase section */
		CE7FE1AA234CA62B00033390 /* Sources */ = {
			isa = PBXSourcesBuildPhase;
			buildActionMask = 2147483647;
			files = (
				CED0788C235F7B18007865E5 /* ProfileHost.swift in Sources */,
				CE81991723509B7E009AF3AF /* FixerUpper.swift in Sources */,
				CE2A7F882360706100F5AC64 /* PageView.swift in Sources */,
				CE7FE1B2234CA62B00033390 /* AppDelegate.swift in Sources */,
				CE98345A235F1BA100E1011F /* CategoryRow.swift in Sources */,
				CEB7F21A23587844002F517A /* Badge.swift in Sources */,
				CE81991523509B47009AF3AF /* FixerUpperData.swift in Sources */,
				CE7FE1E2234CA92400033390 /* CircleImage.swift in Sources */,
				CED0788E235F7B79007865E5 /* UserProfile.swift in Sources */,
				CE1669F12358854C00B7E2F2 /* RotatedBadgeSymbol.swift in Sources */,
				CE2A7F8A2360716000F5AC64 /* FeatureCard.swift in Sources */,
				CEBEB10E235880010088E43D /* BadgeSymbol.swift in Sources */,
				CE2A7F7F23605D8100F5AC64 /* FixerFlipperBadge.swift in Sources */,
				CE2A7F81236062DF00F5AC64 /* ProfileEditor.swift in Sources */,
				CE983458235F19D900E1011F /* Home.swift in Sources */,
				CE2A7F8623606EEA00F5AC64 /* PageViewController.swift in Sources */,
				CE8199372350F2D9009AF3AF /* FixerUpperList.swift in Sources */,
				CE8199392350F541009AF3AF /* FixerUpperDetail.swift in Sources */,
				CEBEB10C23587F160088E43D /* BadgeBackground.swift in Sources */,
				CE7FE1E4234D000C00033390 /* MapView.swift in Sources */,
				CE2A7F922360CC9700F5AC64 /* PageControl.swift in Sources */,
				CE7FE1B4234CA62B00033390 /* SceneDelegate.swift in Sources */,
				CEB7F1D92354874E002F517A /* UserData.swift in Sources */,
				CE2A7F7D23605B6700F5AC64 /* ProfileSummary.swift in Sources */,
				CE81993523509D98009AF3AF /* FixerUpperRow.swift in Sources */,
			);
			runOnlyForDeploymentPostprocessing = 0;
		};
		CE7FE1C0234CA62D00033390 /* Sources */ = {
			isa = PBXSourcesBuildPhase;
			buildActionMask = 2147483647;
			files = (
				CE7FE1C9234CA62D00033390 /* iOSDebugFundamentalsTests.swift in Sources */,
			);
			runOnlyForDeploymentPostprocessing = 0;
		};
		CE7FE1CB234CA62D00033390 /* Sources */ = {
			isa = PBXSourcesBuildPhase;
			buildActionMask = 2147483647;
			files = (
				CE7FE1D4234CA62D00033390 /* iOSDebugFundamentalsUITests.swift in Sources */,
			);
			runOnlyForDeploymentPostprocessing = 0;
		};
/* End PBXSourcesBuildPhase section */

/* Begin PBXTargetDependency section */
		CE7FE1C6234CA62D00033390 /* PBXTargetDependency */ = {
			isa = PBXTargetDependency;
			target = CE7FE1AD234CA62B00033390 /* iOSDebugFundamentals */;
			targetProxy = CE7FE1C5234CA62D00033390 /* PBXContainerItemProxy */;
		};
		CE7FE1D1234CA62D00033390 /* PBXTargetDependency */ = {
			isa = PBXTargetDependency;
			target = CE7FE1AD234CA62B00033390 /* iOSDebugFundamentals */;
			targetProxy = CE7FE1D0234CA62D00033390 /* PBXContainerItemProxy */;
		};
/* End PBXTargetDependency section */

/* Begin PBXVariantGroup section */
		CE7FE1BC234CA62D00033390 /* LaunchScreen.storyboard */ = {
			isa = PBXVariantGroup;
			children = (
				CE7FE1BD234CA62D00033390 /* Base */,
			);
			name = LaunchScreen.storyboard;
			sourceTree = "<group>";
		};
/* End PBXVariantGroup section */

/* Begin XCBuildConfiguration section */
		CE7FE1D6234CA62D00033390 /* Debug */ = {
			isa = XCBuildConfiguration;
			buildSettings = {
				ALWAYS_SEARCH_USER_PATHS = NO;
				CLANG_ANALYZER_NONNULL = YES;
				CLANG_ANALYZER_NUMBER_OBJECT_CONVERSION = YES_AGGRESSIVE;
				CLANG_CXX_LANGUAGE_STANDARD = "gnu++14";
				CLANG_CXX_LIBRARY = "libc++";
				CLANG_ENABLE_MODULES = YES;
				CLANG_ENABLE_OBJC_ARC = YES;
				CLANG_ENABLE_OBJC_WEAK = YES;
				CLANG_WARN_BLOCK_CAPTURE_AUTORELEASING = YES;
				CLANG_WARN_BOOL_CONVERSION = YES;
				CLANG_WARN_COMMA = YES;
				CLANG_WARN_CONSTANT_CONVERSION = YES;
				CLANG_WARN_DEPRECATED_OBJC_IMPLEMENTATIONS = YES;
				CLANG_WARN_DIRECT_OBJC_ISA_USAGE = YES_ERROR;
				CLANG_WARN_DOCUMENTATION_COMMENTS = YES;
				CLANG_WARN_EMPTY_BODY = YES;
				CLANG_WARN_ENUM_CONVERSION = YES;
				CLANG_WARN_INFINITE_RECURSION = YES;
				CLANG_WARN_INT_CONVERSION = YES;
				CLANG_WARN_NON_LITERAL_NULL_CONVERSION = YES;
				CLANG_WARN_OBJC_IMPLICIT_RETAIN_SELF = YES;
				CLANG_WARN_OBJC_LITERAL_CONVERSION = YES;
				CLANG_WARN_OBJC_ROOT_CLASS = YES_ERROR;
				CLANG_WARN_RANGE_LOOP_ANALYSIS = YES;
				CLANG_WARN_STRICT_PROTOTYPES = YES;
				CLANG_WARN_SUSPICIOUS_MOVE = YES;
				CLANG_WARN_UNGUARDED_AVAILABILITY = YES_AGGRESSIVE;
				CLANG_WARN_UNREACHABLE_CODE = YES;
				CLANG_WARN__DUPLICATE_METHOD_MATCH = YES;
				COPY_PHASE_STRIP = NO;
				DEBUG_INFORMATION_FORMAT = dwarf;
				ENABLE_STRICT_OBJC_MSGSEND = YES;
				ENABLE_TESTABILITY = YES;
				GCC_C_LANGUAGE_STANDARD = gnu11;
				GCC_DYNAMIC_NO_PIC = NO;
				GCC_NO_COMMON_BLOCKS = YES;
				GCC_OPTIMIZATION_LEVEL = 0;
				GCC_PREPROCESSOR_DEFINITIONS = (
					"DEBUG=1",
					"$(inherited)",
				);
				GCC_WARN_64_TO_32_BIT_CONVERSION = YES;
				GCC_WARN_ABOUT_RETURN_TYPE = YES_ERROR;
				GCC_WARN_UNDECLARED_SELECTOR = YES;
				GCC_WARN_UNINITIALIZED_AUTOS = YES_AGGRESSIVE;
				GCC_WARN_UNUSED_FUNCTION = YES;
				GCC_WARN_UNUSED_VARIABLE = YES;
				IPHONEOS_DEPLOYMENT_TARGET = 13.0;
				MTL_ENABLE_DEBUG_INFO = INCLUDE_SOURCE;
				MTL_FAST_MATH = YES;
				ONLY_ACTIVE_ARCH = YES;
				SDKROOT = iphoneos;
				SWIFT_ACTIVE_COMPILATION_CONDITIONS = DEBUG;
				SWIFT_OPTIMIZATION_LEVEL = "-Onone";
			};
			name = Debug;
		};
		CE7FE1D7234CA62D00033390 /* Release */ = {
			isa = XCBuildConfiguration;
			buildSettings = {
				ALWAYS_SEARCH_USER_PATHS = NO;
				CLANG_ANALYZER_NONNULL = YES;
				CLANG_ANALYZER_NUMBER_OBJECT_CONVERSION = YES_AGGRESSIVE;
				CLANG_CXX_LANGUAGE_STANDARD = "gnu++14";
				CLANG_CXX_LIBRARY = "libc++";
				CLANG_ENABLE_MODULES = YES;
				CLANG_ENABLE_OBJC_ARC = YES;
				CLANG_ENABLE_OBJC_WEAK = YES;
				CLANG_WARN_BLOCK_CAPTURE_AUTORELEASING = YES;
				CLANG_WARN_BOOL_CONVERSION = YES;
				CLANG_WARN_COMMA = YES;
				CLANG_WARN_CONSTANT_CONVERSION = YES;
				CLANG_WARN_DEPRECATED_OBJC_IMPLEMENTATIONS = YES;
				CLANG_WARN_DIRECT_OBJC_ISA_USAGE = YES_ERROR;
				CLANG_WARN_DOCUMENTATION_COMMENTS = YES;
				CLANG_WARN_EMPTY_BODY = YES;
				CLANG_WARN_ENUM_CONVERSION = YES;
				CLANG_WARN_INFINITE_RECURSION = YES;
				CLANG_WARN_INT_CONVERSION = YES;
				CLANG_WARN_NON_LITERAL_NULL_CONVERSION = YES;
				CLANG_WARN_OBJC_IMPLICIT_RETAIN_SELF = YES;
				CLANG_WARN_OBJC_LITERAL_CONVERSION = YES;
				CLANG_WARN_OBJC_ROOT_CLASS = YES_ERROR;
				CLANG_WARN_RANGE_LOOP_ANALYSIS = YES;
				CLANG_WARN_STRICT_PROTOTYPES = YES;
				CLANG_WARN_SUSPICIOUS_MOVE = YES;
				CLANG_WARN_UNGUARDED_AVAILABILITY = YES_AGGRESSIVE;
				CLANG_WARN_UNREACHABLE_CODE = YES;
				CLANG_WARN__DUPLICATE_METHOD_MATCH = YES;
				COPY_PHASE_STRIP = NO;
				DEBUG_INFORMATION_FORMAT = "dwarf-with-dsym";
				ENABLE_NS_ASSERTIONS = NO;
				ENABLE_STRICT_OBJC_MSGSEND = YES;
				GCC_C_LANGUAGE_STANDARD = gnu11;
				GCC_NO_COMMON_BLOCKS = YES;
				GCC_WARN_64_TO_32_BIT_CONVERSION = YES;
				GCC_WARN_ABOUT_RETURN_TYPE = YES_ERROR;
				GCC_WARN_UNDECLARED_SELECTOR = YES;
				GCC_WARN_UNINITIALIZED_AUTOS = YES_AGGRESSIVE;
				GCC_WARN_UNUSED_FUNCTION = YES;
				GCC_WARN_UNUSED_VARIABLE = YES;
				IPHONEOS_DEPLOYMENT_TARGET = 13.0;
				MTL_ENABLE_DEBUG_INFO = NO;
				MTL_FAST_MATH = YES;
				SDKROOT = iphoneos;
				SWIFT_COMPILATION_MODE = wholemodule;
				SWIFT_OPTIMIZATION_LEVEL = "-O";
				VALIDATE_PRODUCT = YES;
			};
			name = Release;
		};
		CE7FE1D9234CA62D00033390 /* Debug */ = {
			isa = XCBuildConfiguration;
			buildSettings = {
				ASSETCATALOG_COMPILER_APPICON_NAME = AppIcon;
				CODE_SIGN_STYLE = Automatic;
				DEVELOPMENT_ASSET_PATHS = "\"iOSDebugFundamentals/Preview Content\"";
				DEVELOPMENT_TEAM = 3534V3UJNS;
				ENABLE_PREVIEWS = YES;
				INFOPLIST_FILE = iOSDebugFundamentals/Info.plist;
				LD_RUNPATH_SEARCH_PATHS = (
					"$(inherited)",
					"@executable_path/Frameworks",
				);
				PRODUCT_BUNDLE_IDENTIFIER = com.pluralsight.iOSDebugFundamentals;
				PRODUCT_NAME = "$(TARGET_NAME)";
				SWIFT_VERSION = 5.0;
				TARGETED_DEVICE_FAMILY = "1,2";
			};
			name = Debug;
		};
		CE7FE1DA234CA62D00033390 /* Release */ = {
			isa = XCBuildConfiguration;
			buildSettings = {
				ASSETCATALOG_COMPILER_APPICON_NAME = AppIcon;
				CODE_SIGN_STYLE = Automatic;
				DEVELOPMENT_ASSET_PATHS = "\"iOSDebugFundamentals/Preview Content\"";
				DEVELOPMENT_TEAM = 3534V3UJNS;
				ENABLE_PREVIEWS = YES;
				INFOPLIST_FILE = iOSDebugFundamentals/Info.plist;
				LD_RUNPATH_SEARCH_PATHS = (
					"$(inherited)",
					"@executable_path/Frameworks",
				);
				PRODUCT_BUNDLE_IDENTIFIER = com.pluralsight.iOSDebugFundamentals;
				PRODUCT_NAME = "$(TARGET_NAME)";
				SWIFT_VERSION = 5.0;
				TARGETED_DEVICE_FAMILY = "1,2";
			};
			name = Release;
		};
		CE7FE1DC234CA62D00033390 /* Debug */ = {
			isa = XCBuildConfiguration;
			buildSettings = {
				ALWAYS_EMBED_SWIFT_STANDARD_LIBRARIES = YES;
				BUNDLE_LOADER = "$(TEST_HOST)";
				CODE_SIGN_STYLE = Automatic;
				DEVELOPMENT_TEAM = 3534V3UJNS;
				INFOPLIST_FILE = iOSDebugFundamentalsTests/Info.plist;
				IPHONEOS_DEPLOYMENT_TARGET = 13.0;
				LD_RUNPATH_SEARCH_PATHS = (
					"$(inherited)",
					"@executable_path/Frameworks",
					"@loader_path/Frameworks",
				);
				PRODUCT_BUNDLE_IDENTIFIER = com.pluralsight.iOSDebugFundamentalsTests;
				PRODUCT_NAME = "$(TARGET_NAME)";
				SWIFT_VERSION = 5.0;
				TARGETED_DEVICE_FAMILY = "1,2";
				TEST_HOST = "$(BUILT_PRODUCTS_DIR)/iOSDebugFundamentals.app/iOSDebugFundamentals";
			};
			name = Debug;
		};
		CE7FE1DD234CA62D00033390 /* Release */ = {
			isa = XCBuildConfiguration;
			buildSettings = {
				ALWAYS_EMBED_SWIFT_STANDARD_LIBRARIES = YES;
				BUNDLE_LOADER = "$(TEST_HOST)";
				CODE_SIGN_STYLE = Automatic;
				DEVELOPMENT_TEAM = 3534V3UJNS;
				INFOPLIST_FILE = iOSDebugFundamentalsTests/Info.plist;
				IPHONEOS_DEPLOYMENT_TARGET = 13.0;
				LD_RUNPATH_SEARCH_PATHS = (
					"$(inherited)",
					"@executable_path/Frameworks",
					"@loader_path/Frameworks",
				);
				PRODUCT_BUNDLE_IDENTIFIER = com.pluralsight.iOSDebugFundamentalsTests;
				PRODUCT_NAME = "$(TARGET_NAME)";
				SWIFT_VERSION = 5.0;
				TARGETED_DEVICE_FAMILY = "1,2";
				TEST_HOST = "$(BUILT_PRODUCTS_DIR)/iOSDebugFundamentals.app/iOSDebugFundamentals";
			};
			name = Release;
		};
		CE7FE1DF234CA62D00033390 /* Debug */ = {
			isa = XCBuildConfiguration;
			buildSettings = {
				ALWAYS_EMBED_SWIFT_STANDARD_LIBRARIES = YES;
				CODE_SIGN_STYLE = Automatic;
				DEVELOPMENT_TEAM = 3534V3UJNS;
				INFOPLIST_FILE = iOSDebugFundamentalsUITests/Info.plist;
				LD_RUNPATH_SEARCH_PATHS = (
					"$(inherited)",
					"@executable_path/Frameworks",
					"@loader_path/Frameworks",
				);
				PRODUCT_BUNDLE_IDENTIFIER = com.pluralsight.iOSDebugFundamentalsUITests;
				PRODUCT_NAME = "$(TARGET_NAME)";
				SWIFT_VERSION = 5.0;
				TARGETED_DEVICE_FAMILY = "1,2";
				TEST_TARGET_NAME = iOSDebugFundamentals;
			};
			name = Debug;
		};
		CE7FE1E0234CA62D00033390 /* Release */ = {
			isa = XCBuildConfiguration;
			buildSettings = {
				ALWAYS_EMBED_SWIFT_STANDARD_LIBRARIES = YES;
				CODE_SIGN_STYLE = Automatic;
				DEVELOPMENT_TEAM = 3534V3UJNS;
				INFOPLIST_FILE = iOSDebugFundamentalsUITests/Info.plist;
				LD_RUNPATH_SEARCH_PATHS = (
					"$(inherited)",
					"@executable_path/Frameworks",
					"@loader_path/Frameworks",
				);
				PRODUCT_BUNDLE_IDENTIFIER = com.pluralsight.iOSDebugFundamentalsUITests;
				PRODUCT_NAME = "$(TARGET_NAME)";
				SWIFT_VERSION = 5.0;
				TARGETED_DEVICE_FAMILY = "1,2";
				TEST_TARGET_NAME = iOSDebugFundamentals;
			};
			name = Release;
		};
/* End XCBuildConfiguration section */

/* Begin XCConfigurationList section */
		CE7FE1A9234CA62B00033390 /* Build configuration list for PBXProject "iOSDebugFundamentals" */ = {
			isa = XCConfigurationList;
			buildConfigurations = (
				CE7FE1D6234CA62D00033390 /* Debug */,
				CE7FE1D7234CA62D00033390 /* Release */,
			);
			defaultConfigurationIsVisible = 0;
			defaultConfigurationName = Release;
		};
		CE7FE1D8234CA62D00033390 /* Build configuration list for PBXNativeTarget "iOSDebugFundamentals" */ = {
			isa = XCConfigurationList;
			buildConfigurations = (
				CE7FE1D9234CA62D00033390 /* Debug */,
				CE7FE1DA234CA62D00033390 /* Release */,
			);
			defaultConfigurationIsVisible = 0;
			defaultConfigurationName = Release;
		};
		CE7FE1DB234CA62D00033390 /* Build configuration list for PBXNativeTarget "iOSDebugFundamentalsTests" */ = {
			isa = XCConfigurationList;
			buildConfigurations = (
				CE7FE1DC234CA62D00033390 /* Debug */,
				CE7FE1DD234CA62D00033390 /* Release */,
			);
			defaultConfigurationIsVisible = 0;
			defaultConfigurationName = Release;
		};
		CE7FE1DE234CA62D00033390 /* Build configuration list for PBXNativeTarget "iOSDebugFundamentalsUITests" */ = {
			isa = XCConfigurationList;
			buildConfigurations = (
				CE7FE1DF234CA62D00033390 /* Debug */,
				CE7FE1E0234CA62D00033390 /* Release */,
			);
			defaultConfigurationIsVisible = 0;
			defaultConfigurationName = Release;
		};
/* End XCConfigurationList section */
	};
	rootObject = CE7FE1A6234CA62B00033390 /* Project object */;
}
