// !$*UTF8*$!
{
	archiveVersion = 1;
	classes = {
	};
	objectVersion = 50;
	objects = {

/* Begin PBXBuildFile section */
		94C50703260A78330002834F /* CalculatorDemoApp.swift in Sources */ = {isa = PBXBuildFile; fileRef = 94C50702260A78330002834F /* CalculatorDemoApp.swift */; };
		94C50705260A78330002834F /* ContentView.swift in Sources */ = {isa = PBXBuildFile; fileRef = 94C50704260A78330002834F /* ContentView.swift */; };
		94C50707260A78340002834F /* Assets.xcassets in Resources */ = {isa = PBXBuildFile; fileRef = 94C50706260A78340002834F /* Assets.xcassets */; };
		94C5070A260A78340002834F /* Preview Assets.xcassets in Resources */ = {isa = PBXBuildFile; fileRef = 94C50709260A78340002834F /* Preview Assets.xcassets */; };
		94C50715260A78340002834F /* CalculatorDemoTests.swift in Sources */ = {isa = PBXBuildFile; fileRef = 94C50714260A78340002834F /* CalculatorDemoTests.swift */; };
		94C50720260A78340002834F /* CalculatorDemoUITests.swift in Sources */ = {isa = PBXBuildFile; fileRef = 94C5071F260A78340002834F /* CalculatorDemoUITests.swift */; };
/* End PBXBuildFile section */

/* Begin PBXContainerItemProxy section */
		94C50711260A78340002834F /* PBXContainerItemProxy */ = {
			isa = PBXContainerItemProxy;
			containerPortal = 94C506F7260A78330002834F /* Project object */;
			proxyType = 1;
			remoteGlobalIDString = 94C506FE260A78330002834F;
			remoteInfo = CalculatorDemo;
		};
		94C5071C260A78340002834F /* PBXContainerItemProxy */ = {
			isa = PBXContainerItemProxy;
			containerPortal = 94C506F7260A78330002834F /* Project object */;
			proxyType = 1;
			remoteGlobalIDString = 94C506FE260A78330002834F;
			remoteInfo = CalculatorDemo;
		};
/* End PBXContainerItemProxy section */

/* Begin PBXFileReference section */
		94C506FF260A78330002834F /* CalculatorDemo.app */ = {isa = PBXFileReference; explicitFileType = wrapper.application; includeInIndex = 0; path = CalculatorDemo.app; sourceTree = BUILT_PRODUCTS_DIR; };
		94C50702260A78330002834F /* CalculatorDemoApp.swift */ = {isa = PBXFileReference; lastKnownFileType = sourcecode.swift; path = CalculatorDemoApp.swift; sourceTree = "<group>"; };
		94C50704260A78330002834F /* ContentView.swift */ = {isa = PBXFileReference; lastKnownFileType = sourcecode.swift; path = ContentView.swift; sourceTree = "<group>"; };
		94C50706260A78340002834F /* Assets.xcassets */ = {isa = PBXFileReference; lastKnownFileType = folder.assetcatalog; path = Assets.xcassets; sourceTree = "<group>"; };
		94C50709260A78340002834F /* Preview Assets.xcassets */ = {isa = PBXFileReference; lastKnownFileType = folder.assetcatalog; path = "Preview Assets.xcassets"; sourceTree = "<group>"; };
		94C5070B260A78340002834F /* Info.plist */ = {isa = PBXFileReference; lastKnownFileType = text.plist.xml; path = Info.plist; sourceTree = "<group>"; };
		94C50710260A78340002834F /* CalculatorDemoTests.xctest */ = {isa = PBXFileReference; explicitFileType = wrapper.cfbundle; includeInIndex = 0; path = CalculatorDemoTests.xctest; sourceTree = BUILT_PRODUCTS_DIR; };
		94C50714260A78340002834F /* CalculatorDemoTests.swift */ = {isa = PBXFileReference; lastKnownFileType = sourcecode.swift; path = CalculatorDemoTests.swift; sourceTree = "<group>"; };
		94C50716260A78340002834F /* Info.plist */ = {isa = PBXFileReference; lastKnownFileType = text.plist.xml; path = Info.plist; sourceTree = "<group>"; };
		94C5071B260A78340002834F /* CalculatorDemoUITests.xctest */ = {isa = PBXFileReference; explicitFileType = wrapper.cfbundle; includeInIndex = 0; path = CalculatorDemoUITests.xctest; sourceTree = BUILT_PRODUCTS_DIR; };
		94C5071F260A78340002834F /* CalculatorDemoUITests.swift */ = {isa = PBXFileReference; lastKnownFileType = sourcecode.swift; path = CalculatorDemoUITests.swift; sourceTree = "<group>"; };
		94C50721260A78340002834F /* Info.plist */ = {isa = PBXFileReference; lastKnownFileType = text.plist.xml; path = Info.plist; sourceTree = "<group>"; };
/* End PBXFileReference section */

/* Begin PBXFrameworksBuildPhase section */
		94C506FC260A78330002834F /* Frameworks */ = {
			isa = PBXFrameworksBuildPhase;
			buildActionMask = 2147483647;
			files = (
			);
			runOnlyForDeploymentPostprocessing = 0;
		};
		94C5070D260A78340002834F /* Frameworks */ = {
			isa = PBXFrameworksBuildPhase;
			buildActionMask = 2147483647;
			files = (
			);
			runOnlyForDeploymentPostprocessing = 0;
		};
		94C50718260A78340002834F /* Frameworks */ = {
			isa = PBXFrameworksBuildPhase;
			buildActionMask = 2147483647;
			files = (
			);
			runOnlyForDeploymentPostprocessing = 0;
		};
/* End PBXFrameworksBuildPhase section */

/* Begin PBXGroup section */
		94C506F6260A78330002834F = {
			isa = PBXGroup;
			children = (
				94C50701260A78330002834F /* CalculatorDemo */,
				94C50713260A78340002834F /* CalculatorDemoTests */,
				94C5071E260A78340002834F /* CalculatorDemoUITests */,
				94C50700260A78330002834F /* Products */,
			);
			sourceTree = "<group>";
		};
		94C50700260A78330002834F /* Products */ = {
			isa = PBXGroup;
			children = (
				94C506FF260A78330002834F /* CalculatorDemo.app */,
				94C50710260A78340002834F /* CalculatorDemoTests.xctest */,
				94C5071B260A78340002834F /* CalculatorDemoUITests.xctest */,
			);
			name = Products;
			sourceTree = "<group>";
		};
		94C50701260A78330002834F /* CalculatorDemo */ = {
			isa = PBXGroup;
			children = (
				94C50702260A78330002834F /* CalculatorDemoApp.swift */,
				94C50704260A78330002834F /* ContentView.swift */,
				94C50706260A78340002834F /* Assets.xcassets */,
				94C5070B260A78340002834F /* Info.plist */,
				94C50708260A78340002834F /* Preview Content */,
			);
			path = CalculatorDemo;
			sourceTree = "<group>";
		};
		94C50708260A78340002834F /* Preview Content */ = {
			isa = PBXGroup;
			children = (
				94C50709260A78340002834F /* Preview Assets.xcassets */,
			);
			path = "Preview Content";
			sourceTree = "<group>";
		};
		94C50713260A78340002834F /* CalculatorDemoTests */ = {
			isa = PBXGroup;
			children = (
				94C50714260A78340002834F /* CalculatorDemoTests.swift */,
				94C50716260A78340002834F /* Info.plist */,
			);
			path = CalculatorDemoTests;
			sourceTree = "<group>";
		};
		94C5071E260A78340002834F /* CalculatorDemoUITests */ = {
			isa = PBXGroup;
			children = (
				94C5071F260A78340002834F /* CalculatorDemoUITests.swift */,
				94C50721260A78340002834F /* Info.plist */,
			);
			path = CalculatorDemoUITests;
			sourceTree = "<group>";
		};
/* End PBXGroup section */

/* Begin PBXNativeTarget section */
		94C506FE260A78330002834F /* CalculatorDemo */ = {
			isa = PBXNativeTarget;
			buildConfigurationList = 94C50724260A78340002834F /* Build configuration list for PBXNativeTarget "CalculatorDemo" */;
			buildPhases = (
				94C506FB260A78330002834F /* Sources */,
				94C506FC260A78330002834F /* Frameworks */,
				94C506FD260A78330002834F /* Resources */,
			);
			buildRules = (
			);
			dependencies = (
			);
			name = CalculatorDemo;
			productName = CalculatorDemo;
			productReference = 94C506FF260A78330002834F /* CalculatorDemo.app */;
			productType = "com.apple.product-type.application";
		};
		94C5070F260A78340002834F /* CalculatorDemoTests */ = {
			isa = PBXNativeTarget;
			buildConfigurationList = 94C50727260A78340002834F /* Build configuration list for PBXNativeTarget "CalculatorDemoTests" */;
			buildPhases = (
				94C5070C260A78340002834F /* Sources */,
				94C5070D260A78340002834F /* Frameworks */,
				94C5070E260A78340002834F /* Resources */,
			);
			buildRules = (
			);
			dependencies = (
				94C50712260A78340002834F /* PBXTargetDependency */,
			);
			name = CalculatorDemoTests;
			productName = CalculatorDemoTests;
			productReference = 94C50710260A78340002834F /* CalculatorDemoTests.xctest */;
			productType = "com.apple.product-type.bundle.unit-test";
		};
		94C5071A260A78340002834F /* CalculatorDemoUITests */ = {
			isa = PBXNativeTarget;
			buildConfigurationList = 94C5072A260A78340002834F /* Build configuration list for PBXNativeTarget "CalculatorDemoUITests" */;
			buildPhases = (
				94C50717260A78340002834F /* Sources */,
				94C50718260A78340002834F /* Frameworks */,
				94C50719260A78340002834F /* Resources */,
			);
			buildRules = (
			);
			dependencies = (
				94C5071D260A78340002834F /* PBXTargetDependency */,
			);
			name = CalculatorDemoUITests;
			productName = CalculatorDemoUITests;
			productReference = 94C5071B260A78340002834F /* CalculatorDemoUITests.xctest */;
			productType = "com.apple.product-type.bundle.ui-testing";
		};
/* End PBXNativeTarget section */

/* Begin PBXProject section */
		94C506F7260A78330002834F /* Project object */ = {
			isa = PBXProject;
			attributes = {
				LastSwiftUpdateCheck = 1230;
				LastUpgradeCheck = 1230;
				TargetAttributes = {
					94C506FE260A78330002834F = {
						CreatedOnToolsVersion = 12.3;
					};
					94C5070F260A78340002834F = {
						CreatedOnToolsVersion = 12.3;
						TestTargetID = 94C506FE260A78330002834F;
					};
					94C5071A260A78340002834F = {
						CreatedOnToolsVersion = 12.3;
						TestTargetID = 94C506FE260A78330002834F;
					};
				};
			};
			buildConfigurationList = 94C506FA260A78330002834F /* Build configuration list for PBXProject "CalculatorDemo" */;
			compatibilityVersion = "Xcode 9.3";
			developmentRegion = en;
			hasScannedForEncodings = 0;
			knownRegions = (
				en,
				Base,
			);
			mainGroup = 94C506F6260A78330002834F;
			productRefGroup = 94C50700260A78330002834F /* Products */;
			projectDirPath = "";
			projectRoot = "";
			targets = (
				94C506FE260A78330002834F /* CalculatorDemo */,
				94C5070F260A78340002834F /* CalculatorDemoTests */,
				94C5071A260A78340002834F /* CalculatorDemoUITests */,
			);
		};
/* End PBXProject section */

/* Begin PBXResourcesBuildPhase section */
		94C506FD260A78330002834F /* Resources */ = {
			isa = PBXResourcesBuildPhase;
			buildActionMask = 2147483647;
			files = (
				94C5070A260A78340002834F /* Preview Assets.xcassets in Resources */,
				94C50707260A78340002834F /* Assets.xcassets in Resources */,
			);
			runOnlyForDeploymentPostprocessing = 0;
		};
		94C5070E260A78340002834F /* Resources */ = {
			isa = PBXResourcesBuildPhase;
			buildActionMask = 2147483647;
			files = (
			);
			runOnlyForDeploymentPostprocessing = 0;
		};
		94C50719260A78340002834F /* Resources */ = {
			isa = PBXResourcesBuildPhase;
			buildActionMask = 2147483647;
			files = (
			);
			runOnlyForDeploymentPostprocessing = 0;
		};
/* End PBXResourcesBuildPhase section */

/* Begin PBXSourcesBuildPhase section */
		94C506FB260A78330002834F /* Sources */ = {
			isa = PBXSourcesBuildPhase;
			buildActionMask = 2147483647;
			files = (
				94C50705260A78330002834F /* ContentView.swift in Sources */,
				94C50703260A78330002834F /* CalculatorDemoApp.swift in Sources */,
			);
			runOnlyForDeploymentPostprocessing = 0;
		};
		94C5070C260A78340002834F /* Sources */ = {
			isa = PBXSourcesBuildPhase;
			buildActionMask = 2147483647;
			files = (
				94C50715260A78340002834F /* CalculatorDemoTests.swift in Sources */,
			);
			runOnlyForDeploymentPostprocessing = 0;
		};
		94C50717260A78340002834F /* Sources */ = {
			isa = PBXSourcesBuildPhase;
			buildActionMask = 2147483647;
			files = (
				94C50720260A78340002834F /* CalculatorDemoUITests.swift in Sources */,
			);
			runOnlyForDeploymentPostprocessing = 0;
		};
/* End PBXSourcesBuildPhase section */

/* Begin PBXTargetDependency section */
		94C50712260A78340002834F /* PBXTargetDependency */ = {
			isa = PBXTargetDependency;
			target = 94C506FE260A78330002834F /* CalculatorDemo */;
			targetProxy = 94C50711260A78340002834F /* PBXContainerItemProxy */;
		};
		94C5071D260A78340002834F /* PBXTargetDependency */ = {
			isa = PBXTargetDependency;
			target = 94C506FE260A78330002834F /* CalculatorDemo */;
			targetProxy = 94C5071C260A78340002834F /* PBXContainerItemProxy */;
		};
/* End PBXTargetDependency section */

/* Begin XCBuildConfiguration section */
		94C50722260A78340002834F /* Debug */ = {
			isa = XCBuildConfiguration;
			buildSettings = {
				ALWAYS_SEARCH_USER_PATHS = NO;
				CLANG_ANALYZER_NONNULL = YES;
				CLANG_ANALYZER_NUMBER_OBJECT_CONVERSION = YES_AGGRESSIVE;
				CLANG_CXX_LANGUAGE_STANDARD = "gnu++14";
				CLANG_CXX_LIBRARY = "libc++";
				CLANG_ENABLE_MODULES = YES;
				CLANG_ENABLE_OBJC_ARC = YES;
				CLANG_ENABLE_OBJC_WEAK = YES;
				CLANG_WARN_BLOCK_CAPTURE_AUTORELEASING = YES;
				CLANG_WARN_BOOL_CONVERSION = YES;
				CLANG_WARN_COMMA = YES;
				CLANG_WARN_CONSTANT_CONVERSION = YES;
				CLANG_WARN_DEPRECATED_OBJC_IMPLEMENTATIONS = YES;
				CLANG_WARN_DIRECT_OBJC_ISA_USAGE = YES_ERROR;
				CLANG_WARN_DOCUMENTATION_COMMENTS = YES;
				CLANG_WARN_EMPTY_BODY = YES;
				CLANG_WARN_ENUM_CONVERSION = YES;
				CLANG_WARN_INFINITE_RECURSION = YES;
				CLANG_WARN_INT_CONVERSION = YES;
				CLANG_WARN_NON_LITERAL_NULL_CONVERSION = YES;
				CLANG_WARN_OBJC_IMPLICIT_RETAIN_SELF = YES;
				CLANG_WARN_OBJC_LITERAL_CONVERSION = YES;
				CLANG_WARN_OBJC_ROOT_CLASS = YES_ERROR;
				CLANG_WARN_QUOTED_INCLUDE_IN_FRAMEWORK_HEADER = YES;
				CLANG_WARN_RANGE_LOOP_ANALYSIS = YES;
				CLANG_WARN_STRICT_PROTOTYPES = YES;
				CLANG_WARN_SUSPICIOUS_MOVE = YES;
				CLANG_WARN_UNGUARDED_AVAILABILITY = YES_AGGRESSIVE;
				CLANG_WARN_UNREACHABLE_CODE = YES;
				CLANG_WARN__DUPLICATE_METHOD_MATCH = YES;
				COPY_PHASE_STRIP = NO;
				DEBUG_INFORMATION_FORMAT = dwarf;
				ENABLE_STRICT_OBJC_MSGSEND = YES;
				ENABLE_TESTABILITY = YES;
				GCC_C_LANGUAGE_STANDARD = gnu11;
				GCC_DYNAMIC_NO_PIC = NO;
				GCC_NO_COMMON_BLOCKS = YES;
				GCC_OPTIMIZATION_LEVEL = 0;
				GCC_PREPROCESSOR_DEFINITIONS = (
					"DEBUG=1",
					"$(inherited)",
				);
				GCC_WARN_64_TO_32_BIT_CONVERSION = YES;
				GCC_WARN_ABOUT_RETURN_TYPE = YES_ERROR;
				GCC_WARN_UNDECLARED_SELECTOR = YES;
				GCC_WARN_UNINITIALIZED_AUTOS = YES_AGGRESSIVE;
				GCC_WARN_UNUSED_FUNCTION = YES;
				GCC_WARN_UNUSED_VARIABLE = YES;
				IPHONEOS_DEPLOYMENT_TARGET = 14.3;
				MTL_ENABLE_DEBUG_INFO = INCLUDE_SOURCE;
				MTL_FAST_MATH = YES;
				ONLY_ACTIVE_ARCH = YES;
				SDKROOT = iphoneos;
				SWIFT_ACTIVE_COMPILATION_CONDITIONS = DEBUG;
				SWIFT_OPTIMIZATION_LEVEL = "-Onone";
			};
			name = Debug;
		};
		94C50723260A78340002834F /* Release */ = {
			isa = XCBuildConfiguration;
			buildSettings = {
				ALWAYS_SEARCH_USER_PATHS = NO;
				CLANG_ANALYZER_NONNULL = YES;
				CLANG_ANALYZER_NUMBER_OBJECT_CONVERSION = YES_AGGRESSIVE;
				CLANG_CXX_LANGUAGE_STANDARD = "gnu++14";
				CLANG_CXX_LIBRARY = "libc++";
				CLANG_ENABLE_MODULES = YES;
				CLANG_ENABLE_OBJC_ARC = YES;
				CLANG_ENABLE_OBJC_WEAK = YES;
				CLANG_WARN_BLOCK_CAPTURE_AUTORELEASING = YES;
				CLANG_WARN_BOOL_CONVERSION = YES;
				CLANG_WARN_COMMA = YES;
				CLANG_WARN_CONSTANT_CONVERSION = YES;
				CLANG_WARN_DEPRECATED_OBJC_IMPLEMENTATIONS = YES;
				CLANG_WARN_DIRECT_OBJC_ISA_USAGE = YES_ERROR;
				CLANG_WARN_DOCUMENTATION_COMMENTS = YES;
				CLANG_WARN_EMPTY_BODY = YES;
				CLANG_WARN_ENUM_CONVERSION = YES;
				CLANG_WARN_INFINITE_RECURSION = YES;
				CLANG_WARN_INT_CONVERSION = YES;
				CLANG_WARN_NON_LITERAL_NULL_CONVERSION = YES;
				CLANG_WARN_OBJC_IMPLICIT_RETAIN_SELF = YES;
				CLANG_WARN_OBJC_LITERAL_CONVERSION = YES;
				CLANG_WARN_OBJC_ROOT_CLASS = YES_ERROR;
				CLANG_WARN_QUOTED_INCLUDE_IN_FRAMEWORK_HEADER = YES;
				CLANG_WARN_RANGE_LOOP_ANALYSIS = YES;
				CLANG_WARN_STRICT_PROTOTYPES = YES;
				CLANG_WARN_SUSPICIOUS_MOVE = YES;
				CLANG_WARN_UNGUARDED_AVAILABILITY = YES_AGGRESSIVE;
				CLANG_WARN_UNREACHABLE_CODE = YES;
				CLANG_WARN__DUPLICATE_METHOD_MATCH = YES;
				COPY_PHASE_STRIP = NO;
				DEBUG_INFORMATION_FORMAT = "dwarf-with-dsym";
				ENABLE_NS_ASSERTIONS = NO;
				ENABLE_STRICT_OBJC_MSGSEND = YES;
				GCC_C_LANGUAGE_STANDARD = gnu11;
				GCC_NO_COMMON_BLOCKS = YES;
				GCC_WARN_64_TO_32_BIT_CONVERSION = YES;
				GCC_WARN_ABOUT_RETURN_TYPE = YES_ERROR;
				GCC_WARN_UNDECLARED_SELECTOR = YES;
				GCC_WARN_UNINITIALIZED_AUTOS = YES_AGGRESSIVE;
				GCC_WARN_UNUSED_FUNCTION = YES;
				GCC_WARN_UNUSED_VARIABLE = YES;
				IPHONEOS_DEPLOYMENT_TARGET = 14.3;
				MTL_ENABLE_DEBUG_INFO = NO;
				MTL_FAST_MATH = YES;
				SDKROOT = iphoneos;
				SWIFT_COMPILATION_MODE = wholemodule;
				SWIFT_OPTIMIZATION_LEVEL = "-O";
				VALIDATE_PRODUCT = YES;
			};
			name = Release;
		};
		94C50725260A78340002834F /* Debug */ = {
			isa = XCBuildConfiguration;
			buildSettings = {
				ASSETCATALOG_COMPILER_APPICON_NAME = AppIcon;
				ASSETCATALOG_COMPILER_GLOBAL_ACCENT_COLOR_NAME = AccentColor;
				CODE_SIGN_STYLE = Automatic;
				DEVELOPMENT_ASSET_PATHS = "\"CalculatorDemo/Preview Content\"";
				DEVELOPMENT_TEAM = 5BKCU4GLN5;
				ENABLE_PREVIEWS = YES;
				INFOPLIST_FILE = CalculatorDemo/Info.plist;
				IPHONEOS_DEPLOYMENT_TARGET = 14.0;
				LD_RUNPATH_SEARCH_PATHS = (
					"$(inherited)",
					"@executable_path/Frameworks",
				);
				PRODUCT_BUNDLE_IDENTIFIER = com.example.CalculatorDemo;
				PRODUCT_NAME = "$(TARGET_NAME)";
				SWIFT_VERSION = 5.0;
				TARGETED_DEVICE_FAMILY = "1,2";
			};
			name = Debug;
		};
		94C50726260A78340002834F /* Release */ = {
			isa = XCBuildConfiguration;
			buildSettings = {
				ASSETCATALOG_COMPILER_APPICON_NAME = AppIcon;
				ASSETCATALOG_COMPILER_GLOBAL_ACCENT_COLOR_NAME = AccentColor;
				CODE_SIGN_STYLE = Automatic;
				DEVELOPMENT_ASSET_PATHS = "\"CalculatorDemo/Preview Content\"";
				DEVELOPMENT_TEAM = 5BKCU4GLN5;
				ENABLE_PREVIEWS = YES;
				INFOPLIST_FILE = CalculatorDemo/Info.plist;
				IPHONEOS_DEPLOYMENT_TARGET = 14.0;
				LD_RUNPATH_SEARCH_PATHS = (
					"$(inherited)",
					"@executable_path/Frameworks",
				);
				PRODUCT_BUNDLE_IDENTIFIER = com.example.CalculatorDemo;
				PRODUCT_NAME = "$(TARGET_NAME)";
				SWIFT_VERSION = 5.0;
				TARGETED_DEVICE_FAMILY = "1,2";
			};
			name = Release;
		};
		94C50728260A78340002834F /* Debug */ = {
			isa = XCBuildConfiguration;
			buildSettings = {
				ALWAYS_EMBED_SWIFT_STANDARD_LIBRARIES = YES;
				BUNDLE_LOADER = "$(TEST_HOST)";
				CODE_SIGN_STYLE = Automatic;
				DEVELOPMENT_TEAM = 5BKCU4GLN5;
				INFOPLIST_FILE = CalculatorDemoTests/Info.plist;
				IPHONEOS_DEPLOYMENT_TARGET = 14.0;
				LD_RUNPATH_SEARCH_PATHS = (
					"$(inherited)",
					"@executable_path/Frameworks",
					"@loader_path/Frameworks",
				);
				PRODUCT_BUNDLE_IDENTIFIER = com.example.CalculatorDemoTests;
				PRODUCT_NAME = "$(TARGET_NAME)";
				SWIFT_VERSION = 5.0;
				TARGETED_DEVICE_FAMILY = "1,2";
				TEST_HOST = "$(BUILT_PRODUCTS_DIR)/CalculatorDemo.app/CalculatorDemo";
			};
			name = Debug;
		};
		94C50729260A78340002834F /* Release */ = {
			isa = XCBuildConfiguration;
			buildSettings = {
				ALWAYS_EMBED_SWIFT_STANDARD_LIBRARIES = YES;
				BUNDLE_LOADER = "$(TEST_HOST)";
				CODE_SIGN_STYLE = Automatic;
				DEVELOPMENT_TEAM = 5BKCU4GLN5;
				INFOPLIST_FILE = CalculatorDemoTests/Info.plist;
				IPHONEOS_DEPLOYMENT_TARGET = 14.0;
				LD_RUNPATH_SEARCH_PATHS = (
					"$(inherited)",
					"@executable_path/Frameworks",
					"@loader_path/Frameworks",
				);
				PRODUCT_BUNDLE_IDENTIFIER = com.example.CalculatorDemoTests;
				PRODUCT_NAME = "$(TARGET_NAME)";
				SWIFT_VERSION = 5.0;
				TARGETED_DEVICE_FAMILY = "1,2";
				TEST_HOST = "$(BUILT_PRODUCTS_DIR)/CalculatorDemo.app/CalculatorDemo";
			};
			name = Release;
		};
		94C5072B260A78340002834F /* Debug */ = {
			isa = XCBuildConfiguration;
			buildSettings = {
				ALWAYS_EMBED_SWIFT_STANDARD_LIBRARIES = YES;
				CODE_SIGN_STYLE = Automatic;
				DEVELOPMENT_TEAM = 5BKCU4GLN5;
				INFOPLIST_FILE = CalculatorDemoUITests/Info.plist;
				LD_RUNPATH_SEARCH_PATHS = (
					"$(inherited)",
					"@executable_path/Frameworks",
					"@loader_path/Frameworks",
				);
				PRODUCT_BUNDLE_IDENTIFIER = com.example.CalculatorDemoUITests;
				PRODUCT_NAME = "$(TARGET_NAME)";
				SWIFT_VERSION = 5.0;
				TARGETED_DEVICE_FAMILY = "1,2";
				TEST_TARGET_NAME = CalculatorDemo;
			};
			name = Debug;
		};
		94C5072C260A78340002834F /* Release */ = {
			isa = XCBuildConfiguration;
			buildSettings = {
				ALWAYS_EMBED_SWIFT_STANDARD_LIBRARIES = YES;
				CODE_SIGN_STYLE = Automatic;
				DEVELOPMENT_TEAM = 5BKCU4GLN5;
				INFOPLIST_FILE = CalculatorDemoUITests/Info.plist;
				LD_RUNPATH_SEARCH_PATHS = (
					"$(inherited)",
					"@executable_path/Frameworks",
					"@loader_path/Frameworks",
				);
				PRODUCT_BUNDLE_IDENTIFIER = com.example.CalculatorDemoUITests;
				PRODUCT_NAME = "$(TARGET_NAME)";
				SWIFT_VERSION = 5.0;
				TARGETED_DEVICE_FAMILY = "1,2";
				TEST_TARGET_NAME = CalculatorDemo;
			};
			name = Release;
		};
/* End XCBuildConfiguration section */

/* Begin XCConfigurationList section */
		94C506FA260A78330002834F /* Build configuration list for PBXProject "CalculatorDemo" */ = {
			isa = XCConfigurationList;
			buildConfigurations = (
				94C50722260A78340002834F /* Debug */,
				94C50723260A78340002834F /* Release */,
			);
			defaultConfigurationIsVisible = 0;
			defaultConfigurationName = Release;
		};
		94C50724260A78340002834F /* Build configuration list for PBXNativeTarget "CalculatorDemo" */ = {
			isa = XCConfigurationList;
			buildConfigurations = (
				94C50725260A78340002834F /* Debug */,
				94C50726260A78340002834F /* Release */,
			);
			defaultConfigurationIsVisible = 0;
			defaultConfigurationName = Release;
		};
		94C50727260A78340002834F /* Build configuration list for PBXNativeTarget "CalculatorDemoTests" */ = {
			isa = XCConfigurationList;
			buildConfigurations = (
				94C50728260A78340002834F /* Debug */,
				94C50729260A78340002834F /* Release */,
			);
			defaultConfigurationIsVisible = 0;
			defaultConfigurationName = Release;
		};
		94C5072A260A78340002834F /* Build configuration list for PBXNativeTarget "CalculatorDemoUITests" */ = {
			isa = XCConfigurationList;
			buildConfigurations = (
				94C5072B260A78340002834F /* Debug */,
				94C5072C260A78340002834F /* Release */,
			);
			defaultConfigurationIsVisible = 0;
			defaultConfigurationName = Release;
		};
/* End XCConfigurationList section */
	};
	rootObject = 94C506F7260A78330002834F /* Project object */;
}
