// !$*UTF8*$!
{
	archiveVersion = 1;
	classes = {
	};
	objectVersion = 50;
	objects = {

/* Begin PBXBuildFile section */
		94446FC2260AAF5900F24312 /* CalculatorDemoApp.swift in Sources */ = {isa = PBXBuildFile; fileRef = 94446FC1260AAF5900F24312 /* CalculatorDemoApp.swift */; };
		94446FC4260AAF5900F24312 /* ContentView.swift in Sources */ = {isa = PBXBuildFile; fileRef = 94446FC3260AAF5900F24312 /* ContentView.swift */; };
		94446FC6260AAF5B00F24312 /* Assets.xcassets in Resources */ = {isa = PBXBuildFile; fileRef = 94446FC5260AAF5B00F24312 /* Assets.xcassets */; };
		94446FC9260AAF5B00F24312 /* Preview Assets.xcassets in Resources */ = {isa = PBXBuildFile; fileRef = 94446FC8260AAF5B00F24312 /* Preview Assets.xcassets */; };
		94446FF0260AAF8700F24312 /* CalculatorTests.swift in Sources */ = {isa = PBXBuildFile; fileRef = 94446FEF260AAF8700F24312 /* CalculatorTests.swift */; };
		94446FF8260AAFB000F24312 /* Calculator.swift in Sources */ = {isa = PBXBuildFile; fileRef = 94446FF7260AAFB000F24312 /* Calculator.swift */; };
		94447011260BEFD700F24312 /* CalculatorAddTests.swift in Sources */ = {isa = PBXBuildFile; fileRef = 94447010260BEFD700F24312 /* CalculatorAddTests.swift */; };
		94447015260BF00000F24312 /* CalculatorSubtractTest.swift in Sources */ = {isa = PBXBuildFile; fileRef = 94447014260BF00000F24312 /* CalculatorSubtractTest.swift */; };
/* End PBXBuildFile section */

/* Begin PBXContainerItemProxy section */
		94446FD0260AAF5B00F24312 /* PBXContainerItemProxy */ = {
			isa = PBXContainerItemProxy;
			containerPortal = 94446FB6260AAF5900F24312 /* Project object */;
			proxyType = 1;
			remoteGlobalIDString = 94446FBD260AAF5900F24312;
			remoteInfo = CalculatorDemo;
		};
/* End PBXContainerItemProxy section */

/* Begin PBXFileReference section */
		94446FBE260AAF5900F24312 /* CalculatorDemo.app */ = {isa = PBXFileReference; explicitFileType = wrapper.application; includeInIndex = 0; path = CalculatorDemo.app; sourceTree = BUILT_PRODUCTS_DIR; };
		94446FC1260AAF5900F24312 /* CalculatorDemoApp.swift */ = {isa = PBXFileReference; lastKnownFileType = sourcecode.swift; path = CalculatorDemoApp.swift; sourceTree = "<group>"; };
		94446FC3260AAF5900F24312 /* ContentView.swift */ = {isa = PBXFileReference; lastKnownFileType = sourcecode.swift; path = ContentView.swift; sourceTree = "<group>"; };
		94446FC5260AAF5B00F24312 /* Assets.xcassets */ = {isa = PBXFileReference; lastKnownFileType = folder.assetcatalog; path = Assets.xcassets; sourceTree = "<group>"; };
		94446FC8260AAF5B00F24312 /* Preview Assets.xcassets */ = {isa = PBXFileReference; lastKnownFileType = folder.assetcatalog; path = "Preview Assets.xcassets"; sourceTree = "<group>"; };
		94446FCA260AAF5B00F24312 /* Info.plist */ = {isa = PBXFileReference; lastKnownFileType = text.plist.xml; path = Info.plist; sourceTree = "<group>"; };
		94446FCF260AAF5B00F24312 /* CalculatorDemoTests.xctest */ = {isa = PBXFileReference; explicitFileType = wrapper.cfbundle; includeInIndex = 0; path = CalculatorDemoTests.xctest; sourceTree = BUILT_PRODUCTS_DIR; };
		94446FD5260AAF5B00F24312 /* Info.plist */ = {isa = PBXFileReference; lastKnownFileType = text.plist.xml; path = Info.plist; sourceTree = "<group>"; };
		94446FEF260AAF8700F24312 /* CalculatorTests.swift */ = {isa = PBXFileReference; lastKnownFileType = sourcecode.swift; path = CalculatorTests.swift; sourceTree = "<group>"; };
		94446FF7260AAFB000F24312 /* Calculator.swift */ = {isa = PBXFileReference; lastKnownFileType = sourcecode.swift; path = Calculator.swift; sourceTree = "<group>"; };
		94447010260BEFD700F24312 /* CalculatorAddTests.swift */ = {isa = PBXFileReference; lastKnownFileType = sourcecode.swift; path = CalculatorAddTests.swift; sourceTree = "<group>"; };
		94447014260BF00000F24312 /* CalculatorSubtractTest.swift */ = {isa = PBXFileReference; lastKnownFileType = sourcecode.swift; path = CalculatorSubtractTest.swift; sourceTree = "<group>"; };
/* End PBXFileReference section */

/* Begin PBXFrameworksBuildPhase section */
		94446FBB260AAF5900F24312 /* Frameworks */ = {
			isa = PBXFrameworksBuildPhase;
			buildActionMask = 2147483647;
			files = (
			);
			runOnlyForDeploymentPostprocessing = 0;
		};
		94446FCC260AAF5B00F24312 /* Frameworks */ = {
			isa = PBXFrameworksBuildPhase;
			buildActionMask = 2147483647;
			files = (
			);
			runOnlyForDeploymentPostprocessing = 0;
		};
/* End PBXFrameworksBuildPhase section */

/* Begin PBXGroup section */
		94446FB5260AAF5900F24312 = {
			isa = PBXGroup;
			children = (
				94446FC0260AAF5900F24312 /* CalculatorDemo */,
				94446FD2260AAF5B00F24312 /* CalculatorDemoTests */,
				94446FBF260AAF5900F24312 /* Products */,
			);
			sourceTree = "<group>";
		};
		94446FBF260AAF5900F24312 /* Products */ = {
			isa = PBXGroup;
			children = (
				94446FBE260AAF5900F24312 /* CalculatorDemo.app */,
				94446FCF260AAF5B00F24312 /* CalculatorDemoTests.xctest */,
			);
			name = Products;
			sourceTree = "<group>";
		};
		94446FC0260AAF5900F24312 /* CalculatorDemo */ = {
			isa = PBXGroup;
			children = (
				94446FC1260AAF5900F24312 /* CalculatorDemoApp.swift */,
				94446FC3260AAF5900F24312 /* ContentView.swift */,
				94446FC5260AAF5B00F24312 /* Assets.xcassets */,
				94446FCA260AAF5B00F24312 /* Info.plist */,
				94446FC7260AAF5B00F24312 /* Preview Content */,
				94446FF7260AAFB000F24312 /* Calculator.swift */,
			);
			path = CalculatorDemo;
			sourceTree = "<group>";
		};
		94446FC7260AAF5B00F24312 /* Preview Content */ = {
			isa = PBXGroup;
			children = (
				94446FC8260AAF5B00F24312 /* Preview Assets.xcassets */,
			);
			path = "Preview Content";
			sourceTree = "<group>";
		};
		94446FD2260AAF5B00F24312 /* CalculatorDemoTests */ = {
			isa = PBXGroup;
			children = (
				94446FD5260AAF5B00F24312 /* Info.plist */,
				94446FEF260AAF8700F24312 /* CalculatorTests.swift */,
				94447010260BEFD700F24312 /* CalculatorAddTests.swift */,
				94447014260BF00000F24312 /* CalculatorSubtractTest.swift */,
			);
			path = CalculatorDemoTests;
			sourceTree = "<group>";
		};
/* End PBXGroup section */

/* Begin PBXNativeTarget section */
		94446FBD260AAF5900F24312 /* CalculatorDemo */ = {
			isa = PBXNativeTarget;
			buildConfigurationList = 94446FE3260AAF5B00F24312 /* Build configuration list for PBXNativeTarget "CalculatorDemo" */;
			buildPhases = (
				94446FBA260AAF5900F24312 /* Sources */,
				94446FBB260AAF5900F24312 /* Frameworks */,
				94446FBC260AAF5900F24312 /* Resources */,
			);
			buildRules = (
			);
			dependencies = (
			);
			name = CalculatorDemo;
			productName = CalculatorDemo;
			productReference = 94446FBE260AAF5900F24312 /* CalculatorDemo.app */;
			productType = "com.apple.product-type.application";
		};
		94446FCE260AAF5B00F24312 /* CalculatorDemoTests */ = {
			isa = PBXNativeTarget;
			buildConfigurationList = 94446FE6260AAF5B00F24312 /* Build configuration list for PBXNativeTarget "CalculatorDemoTests" */;
			buildPhases = (
				94446FCB260AAF5B00F24312 /* Sources */,
				94446FCC260AAF5B00F24312 /* Frameworks */,
				94446FCD260AAF5B00F24312 /* Resources */,
			);
			buildRules = (
			);
			dependencies = (
				94446FD1260AAF5B00F24312 /* PBXTargetDependency */,
			);
			name = CalculatorDemoTests;
			productName = CalculatorDemoTests;
			productReference = 94446FCF260AAF5B00F24312 /* CalculatorDemoTests.xctest */;
			productType = "com.apple.product-type.bundle.unit-test";
		};
/* End PBXNativeTarget section */

/* Begin PBXProject section */
		94446FB6260AAF5900F24312 /* Project object */ = {
			isa = PBXProject;
			attributes = {
				LastSwiftUpdateCheck = 1230;
				LastUpgradeCheck = 1230;
				TargetAttributes = {
					94446FBD260AAF5900F24312 = {
						CreatedOnToolsVersion = 12.3;
					};
					94446FCE260AAF5B00F24312 = {
						CreatedOnToolsVersion = 12.3;
						TestTargetID = 94446FBD260AAF5900F24312;
					};
				};
			};
			buildConfigurationList = 94446FB9260AAF5900F24312 /* Build configuration list for PBXProject "CalculatorDemo" */;
			compatibilityVersion = "Xcode 9.3";
			developmentRegion = en;
			hasScannedForEncodings = 0;
			knownRegions = (
				en,
				Base,
			);
			mainGroup = 94446FB5260AAF5900F24312;
			productRefGroup = 94446FBF260AAF5900F24312 /* Products */;
			projectDirPath = "";
			projectRoot = "";
			targets = (
				94446FBD260AAF5900F24312 /* CalculatorDemo */,
				94446FCE260AAF5B00F24312 /* CalculatorDemoTests */,
			);
		};
/* End PBXProject section */

/* Begin PBXResourcesBuildPhase section */
		94446FBC260AAF5900F24312 /* Resources */ = {
			isa = PBXResourcesBuildPhase;
			buildActionMask = 2147483647;
			files = (
				94446FC9260AAF5B00F24312 /* Preview Assets.xcassets in Resources */,
				94446FC6260AAF5B00F24312 /* Assets.xcassets in Resources */,
			);
			runOnlyForDeploymentPostprocessing = 0;
		};
		94446FCD260AAF5B00F24312 /* Resources */ = {
			isa = PBXResourcesBuildPhase;
			buildActionMask = 2147483647;
			files = (
			);
			runOnlyForDeploymentPostprocessing = 0;
		};
/* End PBXResourcesBuildPhase section */

/* Begin PBXSourcesBuildPhase section */
		94446FBA260AAF5900F24312 /* Sources */ = {
			isa = PBXSourcesBuildPhase;
			buildActionMask = 2147483647;
			files = (
				94446FC4260AAF5900F24312 /* ContentView.swift in Sources */,
				94446FC2260AAF5900F24312 /* CalculatorDemoApp.swift in Sources */,
				94446FF8260AAFB000F24312 /* Calculator.swift in Sources */,
			);
			runOnlyForDeploymentPostprocessing = 0;
		};
		94446FCB260AAF5B00F24312 /* Sources */ = {
			isa = PBXSourcesBuildPhase;
			buildActionMask = 2147483647;
			files = (
				94447015260BF00000F24312 /* CalculatorSubtractTest.swift in Sources */,
				94446FF0260AAF8700F24312 /* CalculatorTests.swift in Sources */,
				94447011260BEFD700F24312 /* CalculatorAddTests.swift in Sources */,
			);
			runOnlyForDeploymentPostprocessing = 0;
		};
/* End PBXSourcesBuildPhase section */

/* Begin PBXTargetDependency section */
		94446FD1260AAF5B00F24312 /* PBXTargetDependency */ = {
			isa = PBXTargetDependency;
			target = 94446FBD260AAF5900F24312 /* CalculatorDemo */;
			targetProxy = 94446FD0260AAF5B00F24312 /* PBXContainerItemProxy */;
		};
/* End PBXTargetDependency section */

/* Begin XCBuildConfiguration section */
		94446FE1260AAF5B00F24312 /* Debug */ = {
			isa = XCBuildConfiguration;
			buildSettings = {
				ALWAYS_SEARCH_USER_PATHS = NO;
				CLANG_ANALYZER_NONNULL = YES;
				CLANG_ANALYZER_NUMBER_OBJECT_CONVERSION = YES_AGGRESSIVE;
				CLANG_CXX_LANGUAGE_STANDARD = "gnu++14";
				CLANG_CXX_LIBRARY = "libc++";
				CLANG_ENABLE_MODULES = YES;
				CLANG_ENABLE_OBJC_ARC = YES;
				CLANG_ENABLE_OBJC_WEAK = YES;
				CLANG_WARN_BLOCK_CAPTURE_AUTORELEASING = YES;
				CLANG_WARN_BOOL_CONVERSION = YES;
				CLANG_WARN_COMMA = YES;
				CLANG_WARN_CONSTANT_CONVERSION = YES;
				CLANG_WARN_DEPRECATED_OBJC_IMPLEMENTATIONS = YES;
				CLANG_WARN_DIRECT_OBJC_ISA_USAGE = YES_ERROR;
				CLANG_WARN_DOCUMENTATION_COMMENTS = YES;
				CLANG_WARN_EMPTY_BODY = YES;
				CLANG_WARN_ENUM_CONVERSION = YES;
				CLANG_WARN_INFINITE_RECURSION = YES;
				CLANG_WARN_INT_CONVERSION = YES;
				CLANG_WARN_NON_LITERAL_NULL_CONVERSION = YES;
				CLANG_WARN_OBJC_IMPLICIT_RETAIN_SELF = YES;
				CLANG_WARN_OBJC_LITERAL_CONVERSION = YES;
				CLANG_WARN_OBJC_ROOT_CLASS = YES_ERROR;
				CLANG_WARN_QUOTED_INCLUDE_IN_FRAMEWORK_HEADER = YES;
				CLANG_WARN_RANGE_LOOP_ANALYSIS = YES;
				CLANG_WARN_STRICT_PROTOTYPES = YES;
				CLANG_WARN_SUSPICIOUS_MOVE = YES;
				CLANG_WARN_UNGUARDED_AVAILABILITY = YES_AGGRESSIVE;
				CLANG_WARN_UNREACHABLE_CODE = YES;
				CLANG_WARN__DUPLICATE_METHOD_MATCH = YES;
				COPY_PHASE_STRIP = NO;
				DEBUG_INFORMATION_FORMAT = dwarf;
				ENABLE_STRICT_OBJC_MSGSEND = YES;
				ENABLE_TESTABILITY = YES;
				GCC_C_LANGUAGE_STANDARD = gnu11;
				GCC_DYNAMIC_NO_PIC = NO;
				GCC_NO_COMMON_BLOCKS = YES;
				GCC_OPTIMIZATION_LEVEL = 0;
				GCC_PREPROCESSOR_DEFINITIONS = (
					"DEBUG=1",
					"$(inherited)",
				);
				GCC_WARN_64_TO_32_BIT_CONVERSION = YES;
				GCC_WARN_ABOUT_RETURN_TYPE = YES_ERROR;
				GCC_WARN_UNDECLARED_SELECTOR = YES;
				GCC_WARN_UNINITIALIZED_AUTOS = YES_AGGRESSIVE;
				GCC_WARN_UNUSED_FUNCTION = YES;
				GCC_WARN_UNUSED_VARIABLE = YES;
				IPHONEOS_DEPLOYMENT_TARGET = 14.3;
				MTL_ENABLE_DEBUG_INFO = INCLUDE_SOURCE;
				MTL_FAST_MATH = YES;
				ONLY_ACTIVE_ARCH = YES;
				SDKROOT = iphoneos;
				SWIFT_ACTIVE_COMPILATION_CONDITIONS = DEBUG;
				SWIFT_OPTIMIZATION_LEVEL = "-Onone";
			};
			name = Debug;
		};
		94446FE2260AAF5B00F24312 /* Release */ = {
			isa = XCBuildConfiguration;
			buildSettings = {
				ALWAYS_SEARCH_USER_PATHS = NO;
				CLANG_ANALYZER_NONNULL = YES;
				CLANG_ANALYZER_NUMBER_OBJECT_CONVERSION = YES_AGGRESSIVE;
				CLANG_CXX_LANGUAGE_STANDARD = "gnu++14";
				CLANG_CXX_LIBRARY = "libc++";
				CLANG_ENABLE_MODULES = YES;
				CLANG_ENABLE_OBJC_ARC = YES;
				CLANG_ENABLE_OBJC_WEAK = YES;
				CLANG_WARN_BLOCK_CAPTURE_AUTORELEASING = YES;
				CLANG_WARN_BOOL_CONVERSION = YES;
				CLANG_WARN_COMMA = YES;
				CLANG_WARN_CONSTANT_CONVERSION = YES;
				CLANG_WARN_DEPRECATED_OBJC_IMPLEMENTATIONS = YES;
				CLANG_WARN_DIRECT_OBJC_ISA_USAGE = YES_ERROR;
				CLANG_WARN_DOCUMENTATION_COMMENTS = YES;
				CLANG_WARN_EMPTY_BODY = YES;
				CLANG_WARN_ENUM_CONVERSION = YES;
				CLANG_WARN_INFINITE_RECURSION = YES;
				CLANG_WARN_INT_CONVERSION = YES;
				CLANG_WARN_NON_LITERAL_NULL_CONVERSION = YES;
				CLANG_WARN_OBJC_IMPLICIT_RETAIN_SELF = YES;
				CLANG_WARN_OBJC_LITERAL_CONVERSION = YES;
				CLANG_WARN_OBJC_ROOT_CLASS = YES_ERROR;
				CLANG_WARN_QUOTED_INCLUDE_IN_FRAMEWORK_HEADER = YES;
				CLANG_WARN_RANGE_LOOP_ANALYSIS = YES;
				CLANG_WARN_STRICT_PROTOTYPES = YES;
				CLANG_WARN_SUSPICIOUS_MOVE = YES;
				CLANG_WARN_UNGUARDED_AVAILABILITY = YES_AGGRESSIVE;
				CLANG_WARN_UNREACHABLE_CODE = YES;
				CLANG_WARN__DUPLICATE_METHOD_MATCH = YES;
				COPY_PHASE_STRIP = NO;
				DEBUG_INFORMATION_FORMAT = "dwarf-with-dsym";
				ENABLE_NS_ASSERTIONS = NO;
				ENABLE_STRICT_OBJC_MSGSEND = YES;
				GCC_C_LANGUAGE_STANDARD = gnu11;
				GCC_NO_COMMON_BLOCKS = YES;
				GCC_WARN_64_TO_32_BIT_CONVERSION = YES;
				GCC_WARN_ABOUT_RETURN_TYPE = YES_ERROR;
				GCC_WARN_UNDECLARED_SELECTOR = YES;
				GCC_WARN_UNINITIALIZED_AUTOS = YES_AGGRESSIVE;
				GCC_WARN_UNUSED_FUNCTION = YES;
				GCC_WARN_UNUSED_VARIABLE = YES;
				IPHONEOS_DEPLOYMENT_TARGET = 14.3;
				MTL_ENABLE_DEBUG_INFO = NO;
				MTL_FAST_MATH = YES;
				SDKROOT = iphoneos;
				SWIFT_COMPILATION_MODE = wholemodule;
				SWIFT_OPTIMIZATION_LEVEL = "-O";
				VALIDATE_PRODUCT = YES;
			};
			name = Release;
		};
		94446FE4260AAF5B00F24312 /* Debug */ = {
			isa = XCBuildConfiguration;
			buildSettings = {
				ASSETCATALOG_COMPILER_APPICON_NAME = AppIcon;
				ASSETCATALOG_COMPILER_GLOBAL_ACCENT_COLOR_NAME = AccentColor;
				CODE_SIGN_STYLE = Automatic;
				DEVELOPMENT_ASSET_PATHS = "\"CalculatorDemo/Preview Content\"";
				DEVELOPMENT_TEAM = 5BKCU4GLN5;
				ENABLE_PREVIEWS = YES;
				INFOPLIST_FILE = CalculatorDemo/Info.plist;
				IPHONEOS_DEPLOYMENT_TARGET = 14.0;
				LD_RUNPATH_SEARCH_PATHS = (
					"$(inherited)",
					"@executable_path/Frameworks",
				);
				PRODUCT_BUNDLE_IDENTIFIER = com.example.CalculatorDemo;
				PRODUCT_NAME = "$(TARGET_NAME)";
				SWIFT_VERSION = 5.0;
				TARGETED_DEVICE_FAMILY = "1,2";
			};
			name = Debug;
		};
		94446FE5260AAF5B00F24312 /* Release */ = {
			isa = XCBuildConfiguration;
			buildSettings = {
				ASSETCATALOG_COMPILER_APPICON_NAME = AppIcon;
				ASSETCATALOG_COMPILER_GLOBAL_ACCENT_COLOR_NAME = AccentColor;
				CODE_SIGN_STYLE = Automatic;
				DEVELOPMENT_ASSET_PATHS = "\"CalculatorDemo/Preview Content\"";
				DEVELOPMENT_TEAM = 5BKCU4GLN5;
				ENABLE_PREVIEWS = YES;
				INFOPLIST_FILE = CalculatorDemo/Info.plist;
				IPHONEOS_DEPLOYMENT_TARGET = 14.0;
				LD_RUNPATH_SEARCH_PATHS = (
					"$(inherited)",
					"@executable_path/Frameworks",
				);
				PRODUCT_BUNDLE_IDENTIFIER = com.example.CalculatorDemo;
				PRODUCT_NAME = "$(TARGET_NAME)";
				SWIFT_VERSION = 5.0;
				TARGETED_DEVICE_FAMILY = "1,2";
			};
			name = Release;
		};
		94446FE7260AAF5B00F24312 /* Debug */ = {
			isa = XCBuildConfiguration;
			buildSettings = {
				ALWAYS_EMBED_SWIFT_STANDARD_LIBRARIES = YES;
				BUNDLE_LOADER = "$(TEST_HOST)";
				CODE_SIGN_STYLE = Automatic;
				DEVELOPMENT_TEAM = 5BKCU4GLN5;
				INFOPLIST_FILE = CalculatorDemoTests/Info.plist;
				IPHONEOS_DEPLOYMENT_TARGET = 14.0;
				LD_RUNPATH_SEARCH_PATHS = (
					"$(inherited)",
					"@executable_path/Frameworks",
					"@loader_path/Frameworks",
				);
				PRODUCT_BUNDLE_IDENTIFIER = com.example.CalculatorDemoTests;
				PRODUCT_NAME = "$(TARGET_NAME)";
				SWIFT_VERSION = 5.0;
				TARGETED_DEVICE_FAMILY = "1,2";
				TEST_HOST = "$(BUILT_PRODUCTS_DIR)/CalculatorDemo.app/CalculatorDemo";
			};
			name = Debug;
		};
		94446FE8260AAF5B00F24312 /* Release */ = {
			isa = XCBuildConfiguration;
			buildSettings = {
				ALWAYS_EMBED_SWIFT_STANDARD_LIBRARIES = YES;
				BUNDLE_LOADER = "$(TEST_HOST)";
				CODE_SIGN_STYLE = Automatic;
				DEVELOPMENT_TEAM = 5BKCU4GLN5;
				INFOPLIST_FILE = CalculatorDemoTests/Info.plist;
				IPHONEOS_DEPLOYMENT_TARGET = 14.0;
				LD_RUNPATH_SEARCH_PATHS = (
					"$(inherited)",
					"@executable_path/Frameworks",
					"@loader_path/Frameworks",
				);
				PRODUCT_BUNDLE_IDENTIFIER = com.example.CalculatorDemoTests;
				PRODUCT_NAME = "$(TARGET_NAME)";
				SWIFT_VERSION = 5.0;
				TARGETED_DEVICE_FAMILY = "1,2";
				TEST_HOST = "$(BUILT_PRODUCTS_DIR)/CalculatorDemo.app/CalculatorDemo";
			};
			name = Release;
		};
/* End XCBuildConfiguration section */

/* Begin XCConfigurationList section */
		94446FB9260AAF5900F24312 /* Build configuration list for PBXProject "CalculatorDemo" */ = {
			isa = XCConfigurationList;
			buildConfigurations = (
				94446FE1260AAF5B00F24312 /* Debug */,
				94446FE2260AAF5B00F24312 /* Release */,
			);
			defaultConfigurationIsVisible = 0;
			defaultConfigurationName = Release;
		};
		94446FE3260AAF5B00F24312 /* Build configuration list for PBXNativeTarget "CalculatorDemo" */ = {
			isa = XCConfigurationList;
			buildConfigurations = (
				94446FE4260AAF5B00F24312 /* Debug */,
				94446FE5260AAF5B00F24312 /* Release */,
			);
			defaultConfigurationIsVisible = 0;
			defaultConfigurationName = Release;
		};
		94446FE6260AAF5B00F24312 /* Build configuration list for PBXNativeTarget "CalculatorDemoTests" */ = {
			isa = XCConfigurationList;
			buildConfigurations = (
				94446FE7260AAF5B00F24312 /* Debug */,
				94446FE8260AAF5B00F24312 /* Release */,
			);
			defaultConfigurationIsVisible = 0;
			defaultConfigurationName = Release;
		};
/* End XCConfigurationList section */
	};
	rootObject = 94446FB6260AAF5900F24312 /* Project object */;
}
